// !$*UTF8*$!
{
	archiveVersion = 1;
	classes = {
	};
	objectVersion = 55;
	objects = {

/* Begin PBXBuildFile section */
		2606B4CD29437BD10012349A /* loading.json in Resources */ = {isa = PBXBuildFile; fileRef = 2606B4CC29437BD10012349A /* loading.json */; };
		2619FE8A2940D6AC00D24778 /* CheckPermissionView.swift in Sources */ = {isa = PBXBuildFile; fileRef = 2619FE892940D6AC00D24778 /* CheckPermissionView.swift */; };
		2619FE8C2940D6B300D24778 /* CheckPermissionViewModel.swift in Sources */ = {isa = PBXBuildFile; fileRef = 2619FE8B2940D6B300D24778 /* CheckPermissionViewModel.swift */; };
		262D2A02293E2BA4005984DA /* SettingView.swift in Sources */ = {isa = PBXBuildFile; fileRef = 262D2A01293E2BA4005984DA /* SettingView.swift */; };
		262D2A04293E2BAA005984DA /* SettingViewModel.swift in Sources */ = {isa = PBXBuildFile; fileRef = 262D2A03293E2BAA005984DA /* SettingViewModel.swift */; };
		262D2A06293E310E005984DA /* MailView.swift in Sources */ = {isa = PBXBuildFile; fileRef = 262D2A05293E310E005984DA /* MailView.swift */; };
		26332176292095E90065AE3A /* ShowFootPrintView.swift in Sources */ = {isa = PBXBuildFile; fileRef = 26332175292095E90065AE3A /* ShowFootPrintView.swift */; };
		26332178292095F10065AE3A /* ShowFootPrintViewModel.swift in Sources */ = {isa = PBXBuildFile; fileRef = 26332177292095F10065AE3A /* ShowFootPrintViewModel.swift */; };
		2639921F291FEBA60049F047 /* KeyboardReadable.swift in Sources */ = {isa = PBXBuildFile; fileRef = 2639921E291FEBA60049F047 /* KeyboardReadable.swift */; };
		263A97BB2945852E008A69F5 /* PeopleWithSelectorView.swift in Sources */ = {isa = PBXBuildFile; fileRef = 263A97BA2945852E008A69F5 /* PeopleWithSelectorView.swift */; };
		263A97BD29458533008A69F5 /* PeopleWithSelectorViewModel.swift in Sources */ = {isa = PBXBuildFile; fileRef = 263A97BC29458533008A69F5 /* PeopleWithSelectorViewModel.swift */; };
		264B70BC291F8DD900CDAF9F /* ApiResponse.swift in Sources */ = {isa = PBXBuildFile; fileRef = 264B70BB291F8DD900CDAF9F /* ApiResponse.swift */; };
		264B70C0291F8E9D00CDAF9F /* C.swift in Sources */ = {isa = PBXBuildFile; fileRef = 264B70BF291F8E9C00CDAF9F /* C.swift */; };
		264EEF572925128300B89624 /* AddCategoryView.swift in Sources */ = {isa = PBXBuildFile; fileRef = 264EEF562925128300B89624 /* AddCategoryView.swift */; };
		264EEF592925128A00B89624 /* AddCategoryViewModel.swift in Sources */ = {isa = PBXBuildFile; fileRef = 264EEF582925128A00B89624 /* AddCategoryViewModel.swift */; };
		265924C729445BD9001E7025 /* FootprintListView.swift in Sources */ = {isa = PBXBuildFile; fileRef = 265924C629445BD9001E7025 /* FootprintListView.swift */; };
		265924C929445BE1001E7025 /* FootprintListViewModel.swift in Sources */ = {isa = PBXBuildFile; fileRef = 265924C829445BE1001E7025 /* FootprintListViewModel.swift */; };
		265A0A0C2916297E00027829 /* Realm in Frameworks */ = {isa = PBXBuildFile; productRef = 265A0A0B2916297E00027829 /* Realm */; };
		265A0A0E2916297E00027829 /* RealmSwift in Frameworks */ = {isa = PBXBuildFile; productRef = 265A0A0D2916297E00027829 /* RealmSwift */; };
		265EA941291D112B00068A5C /* MapView.swift in Sources */ = {isa = PBXBuildFile; fileRef = 265EA940291D112B00068A5C /* MapView.swift */; };
		265EA945291D134200068A5C /* MapViewModel.swift in Sources */ = {isa = PBXBuildFile; fileRef = 265EA944291D134200068A5C /* MapViewModel.swift */; };
		265EA947291D1E1400068A5C /* DataModel.swift in Sources */ = {isa = PBXBuildFile; fileRef = 265EA946291D1E1400068A5C /* DataModel.swift */; };
		2691D9C3294EE4B1002825B9 /* FootprintListFilterView.swift in Sources */ = {isa = PBXBuildFile; fileRef = 2691D9C2294EE4B1002825B9 /* FootprintListFilterView.swift */; };
		2691D9C5294EE4B6002825B9 /* FootprintListFilterViewModel.swift in Sources */ = {isa = PBXBuildFile; fileRef = 2691D9C4294EE4B6002825B9 /* FootprintListFilterViewModel.swift */; };
		2691D9C7294EE505002825B9 /* BluePrintBottomSheetView.swift in Sources */ = {isa = PBXBuildFile; fileRef = 2691D9C6294EE505002825B9 /* BluePrintBottomSheetView.swift */; };
		26940CAD293C9D0F0091E996 /* ShowImageView.swift in Sources */ = {isa = PBXBuildFile; fileRef = 26940CAC293C9D0F0091E996 /* ShowImageView.swift */; };
		26940CAF293C9D170091E996 /* ShowImageViewModel.swift in Sources */ = {isa = PBXBuildFile; fileRef = 26940CAE293C9D170091E996 /* ShowImageViewModel.swift */; };
		26BD8FCB29694CE5005F7E5C /* ApiInfo.plist in Resources */ = {isa = PBXBuildFile; fileRef = 26BD8FCA29694CE5005F7E5C /* ApiInfo.plist */; };
		26C04F6D2917667F00890A76 /* SwiftUIExtension.swift in Sources */ = {isa = PBXBuildFile; fileRef = 26C04F6C2917667F00890A76 /* SwiftUIExtension.swift */; };
		631D75242966619B00464F33 /* SToggleView.swift in Sources */ = {isa = PBXBuildFile; fileRef = 631D75232966619B00464F33 /* SToggleView.swift */; };
		631D7528296661FA00464F33 /* MainMapOptionView.swift in Sources */ = {isa = PBXBuildFile; fileRef = 631D7527296661FA00464F33 /* MainMapOptionView.swift */; };
		631D752A296661FE00464F33 /* MainMapOptionViewModel.swift in Sources */ = {isa = PBXBuildFile; fileRef = 631D7529296661FE00464F33 /* MainMapOptionViewModel.swift */; };
		631D752D29667A4700464F33 /* PeopleWithListView.swift in Sources */ = {isa = PBXBuildFile; fileRef = 631D752C29667A4700464F33 /* PeopleWithListView.swift */; };
		631D752F29667A4D00464F33 /* PeopleWithListViewModel.swift in Sources */ = {isa = PBXBuildFile; fileRef = 631D752E29667A4D00464F33 /* PeopleWithListViewModel.swift */; };
		63209FEC2913C3C000709227 /* Assets.xcassets in Resources */ = {isa = PBXBuildFile; fileRef = 63209FEB2913C3C000709227 /* Assets.xcassets */; };
		63209FEF2913C3C000709227 /* Preview Assets.xcassets in Resources */ = {isa = PBXBuildFile; fileRef = 63209FEE2913C3C000709227 /* Preview Assets.xcassets */; };
		63B1FAE42914A6D8007E94B6 /* Lottie in Frameworks */ = {isa = PBXBuildFile; productRef = 63B1FAE32914A6D8007E94B6 /* Lottie */; };
		63B1FAE72914A6FE007E94B6 /* Alamofire in Frameworks */ = {isa = PBXBuildFile; productRef = 63B1FAE62914A6FE007E94B6 /* Alamofire */; };
		63B1FAEA2914A718007E94B6 /* SwiftUIPager in Frameworks */ = {isa = PBXBuildFile; productRef = 63B1FAE92914A718007E94B6 /* SwiftUIPager */; };
		63B1FAED2914A85B007E94B6 /* AddFootprintView.swift in Sources */ = {isa = PBXBuildFile; fileRef = 63B1FAEC2914A85B007E94B6 /* AddFootprintView.swift */; };
		63B1FAEF2914A861007E94B6 /* AddFootprintViewModel.swift in Sources */ = {isa = PBXBuildFile; fileRef = 63B1FAEE2914A861007E94B6 /* AddFootprintViewModel.swift */; };
		63B1FAF22914A91F007E94B6 /* FittedSheets in Frameworks */ = {isa = PBXBuildFile; productRef = 63B1FAF12914A91F007E94B6 /* FittedSheets */; };
		63B1FAF52914B148007E94B6 /* SProgress.swift in Sources */ = {isa = PBXBuildFile; fileRef = 63B1FAF42914B148007E94B6 /* SProgress.swift */; };
		63B1FAF82914B2B0007E94B6 /* walking_dog.json in Resources */ = {isa = PBXBuildFile; fileRef = 63B1FAF72914B2B0007E94B6 /* walking_dog.json */; };
		63B1FAFB2914B31E007E94B6 /* MultiSelectGalleryView.swift in Sources */ = {isa = PBXBuildFile; fileRef = 63B1FAFA2914B31E007E94B6 /* MultiSelectGalleryView.swift */; };
		63B1FAFD2914B324007E94B6 /* MultiSelectGalleryViewModel.swift in Sources */ = {isa = PBXBuildFile; fileRef = 63B1FAFC2914B324007E94B6 /* MultiSelectGalleryViewModel.swift */; };
		63B1FB002914B347007E94B6 /* Kingfisher in Frameworks */ = {isa = PBXBuildFile; productRef = 63B1FAFF2914B347007E94B6 /* Kingfisher */; };
		63B1FB032914B381007E94B6 /* RealmDB.swift in Sources */ = {isa = PBXBuildFile; fileRef = 63B1FB022914B381007E94B6 /* RealmDB.swift */; };
		63B1FB062914B5CB007E94B6 /* SwiftUIPullToRefresh in Frameworks */ = {isa = PBXBuildFile; productRef = 63B1FB052914B5CB007E94B6 /* SwiftUIPullToRefresh */; };
		63C102B329651E690099AF6A /* Footprint++Bundle.swift in Sources */ = {isa = PBXBuildFile; fileRef = 63C102B229651E690099AF6A /* Footprint++Bundle.swift */; };
		63C102B8296530680099AF6A /* GoogleMapView.swift in Sources */ = {isa = PBXBuildFile; fileRef = 63C102B7296530680099AF6A /* GoogleMapView.swift */; };
		63C81AB52963BD3D0001A70B /* SelectFootprintsView.swift in Sources */ = {isa = PBXBuildFile; fileRef = 63C81AB42963BD3D0001A70B /* SelectFootprintsView.swift */; };
		63C81AB72963BD430001A70B /* SelectFootprintsViewModel.swift in Sources */ = {isa = PBXBuildFile; fileRef = 63C81AB62963BD430001A70B /* SelectFootprintsViewModel.swift */; };
		63C81AB92963D6EF0001A70B /* DragAndDropService.swift in Sources */ = {isa = PBXBuildFile; fileRef = 63C81AB82963D6EF0001A70B /* DragAndDropService.swift */; };
		63C8CCF62941D60400BB861D /* DevInfoView.swift in Sources */ = {isa = PBXBuildFile; fileRef = 63C8CCF52941D60400BB861D /* DevInfoView.swift */; };
		63C8CCF82941D60D00BB861D /* DevInfoViewModel.swift in Sources */ = {isa = PBXBuildFile; fileRef = 63C8CCF72941D60D00BB861D /* DevInfoViewModel.swift */; };
		63E2756929502DFA00E4AABC /* PinchZoom.swift in Sources */ = {isa = PBXBuildFile; fileRef = 63E2756829502DFA00E4AABC /* PinchZoom.swift */; };
		63E848A1295ABE790037D7A3 /* CreateTravelView.swift in Sources */ = {isa = PBXBuildFile; fileRef = 63E848A0295ABE790037D7A3 /* CreateTravelView.swift */; };
		63E848A3295ABE7E0037D7A3 /* CreateTravelViewModel.swift in Sources */ = {isa = PBXBuildFile; fileRef = 63E848A2295ABE7E0037D7A3 /* CreateTravelViewModel.swift */; };
		63E848A7295ABEBD0037D7A3 /* TravelListView.swift in Sources */ = {isa = PBXBuildFile; fileRef = 63E848A6295ABEBD0037D7A3 /* TravelListView.swift */; };
		63E848A9295ABEC20037D7A3 /* TravelListViewModel.swift in Sources */ = {isa = PBXBuildFile; fileRef = 63E848A8295ABEC20037D7A3 /* TravelListViewModel.swift */; };
		63F132472914A18800B3A9E0 /* AlertViewModel.swift in Sources */ = {isa = PBXBuildFile; fileRef = 63F132412914A18800B3A9E0 /* AlertViewModel.swift */; };
		63F132482914A18800B3A9E0 /* AlertView.swift in Sources */ = {isa = PBXBuildFile; fileRef = 63F132422914A18800B3A9E0 /* AlertView.swift */; };
		63F132492914A18800B3A9E0 /* SwiftExtension.swift in Sources */ = {isa = PBXBuildFile; fileRef = 63F132432914A18800B3A9E0 /* SwiftExtension.swift */; };
		63F1324A2914A18800B3A9E0 /* Util.swift in Sources */ = {isa = PBXBuildFile; fileRef = 63F132442914A18800B3A9E0 /* Util.swift */; };
		63F1324B2914A18800B3A9E0 /* Defaults.swift in Sources */ = {isa = PBXBuildFile; fileRef = 63F132452914A18800B3A9E0 /* Defaults.swift */; };
		63F1324C2914A18800B3A9E0 /* Api.swift in Sources */ = {isa = PBXBuildFile; fileRef = 63F132462914A18800B3A9E0 /* Api.swift */; };
		63F132502914A18F00B3A9E0 /* BaseViewController.swift in Sources */ = {isa = PBXBuildFile; fileRef = 63F1324E2914A18F00B3A9E0 /* BaseViewController.swift */; };
		63F132512914A18F00B3A9E0 /* BaseViewModel.swift in Sources */ = {isa = PBXBuildFile; fileRef = 63F1324F2914A18F00B3A9E0 /* BaseViewModel.swift */; };
		63F132552914A19F00B3A9E0 /* AppDelegate.swift in Sources */ = {isa = PBXBuildFile; fileRef = 63F132532914A19F00B3A9E0 /* AppDelegate.swift */; };
		63F132562914A19F00B3A9E0 /* SceneDelegate.swift in Sources */ = {isa = PBXBuildFile; fileRef = 63F132542914A19F00B3A9E0 /* SceneDelegate.swift */; };
		63F1325A2914A1A300B3A9E0 /* AppCoordinator.swift in Sources */ = {isa = PBXBuildFile; fileRef = 63F132582914A1A300B3A9E0 /* AppCoordinator.swift */; };
		63F1325B2914A1A300B3A9E0 /* Coordinator.swift in Sources */ = {isa = PBXBuildFile; fileRef = 63F132592914A1A300B3A9E0 /* Coordinator.swift */; };
		63F1328E2914A1C000B3A9E0 /* SplashViewModel.swift in Sources */ = {isa = PBXBuildFile; fileRef = 63F1325E2914A1C000B3A9E0 /* SplashViewModel.swift */; };
		63F1328F2914A1C000B3A9E0 /* SplashView.swift in Sources */ = {isa = PBXBuildFile; fileRef = 63F1325F2914A1C000B3A9E0 /* SplashView.swift */; };
		63F132962914A1C000B3A9E0 /* MultilineTextView.swift in Sources */ = {isa = PBXBuildFile; fileRef = 63F1326A2914A1C000B3A9E0 /* MultilineTextView.swift */; };
		63F132972914A1C000B3A9E0 /* EmailSender.swift in Sources */ = {isa = PBXBuildFile; fileRef = 63F1326B2914A1C000B3A9E0 /* EmailSender.swift */; };
		63F132982914A1C000B3A9E0 /* ProgressView.swift in Sources */ = {isa = PBXBuildFile; fileRef = 63F1326C2914A1C000B3A9E0 /* ProgressView.swift */; };
		63F132992914A1C000B3A9E0 /* Topbar.swift in Sources */ = {isa = PBXBuildFile; fileRef = 63F1326D2914A1C000B3A9E0 /* Topbar.swift */; };
		63F1329A2914A1C000B3A9E0 /* WebView.swift in Sources */ = {isa = PBXBuildFile; fileRef = 63F1326E2914A1C000B3A9E0 /* WebView.swift */; };
		63F132AA2914A1C000B3A9E0 /* MainViewModel.swift in Sources */ = {isa = PBXBuildFile; fileRef = 63F132862914A1C000B3A9E0 /* MainViewModel.swift */; };
		63F132AB2914A1C000B3A9E0 /* MainView.swift in Sources */ = {isa = PBXBuildFile; fileRef = 63F132872914A1C000B3A9E0 /* MainView.swift */; };
		63F132AE2914A1C000B3A9E0 /* BluePrintView.swift in Sources */ = {isa = PBXBuildFile; fileRef = 63F1328C2914A1C000B3A9E0 /* BluePrintView.swift */; };
		63F132AF2914A1C000B3A9E0 /* BluePrintViewModel.swift in Sources */ = {isa = PBXBuildFile; fileRef = 63F1328D2914A1C000B3A9E0 /* BluePrintViewModel.swift */; };
		63F132B62914A56300B3A9E0 /* LottieView.swift in Sources */ = {isa = PBXBuildFile; fileRef = 63F132B52914A56300B3A9E0 /* LottieView.swift */; };
		63FA2387294C35CB00D31506 /* PeopleEditView.swift in Sources */ = {isa = PBXBuildFile; fileRef = 63FA2386294C35CB00D31506 /* PeopleEditView.swift */; };
		63FA2389294C35E300D31506 /* PeopleEditViewModel.swift in Sources */ = {isa = PBXBuildFile; fileRef = 63FA2388294C35E300D31506 /* PeopleEditViewModel.swift */; };
		63FA238E294C42C900D31506 /* SingleSelectGalleryView.swift in Sources */ = {isa = PBXBuildFile; fileRef = 63FA238D294C42C900D31506 /* SingleSelectGalleryView.swift */; };
		63FA2390294C42CE00D31506 /* SingleSelectGalleryViewModel.swift in Sources */ = {isa = PBXBuildFile; fileRef = 63FA238F294C42CE00D31506 /* SingleSelectGalleryViewModel.swift */; };
		EA8F1CE5AADA34D35AD14494 /* Pods_Footprint.framework in Frameworks */ = {isa = PBXBuildFile; fileRef = 345566BC804EBC9D85B35660 /* Pods_Footprint.framework */; };
/* End PBXBuildFile section */

/* Begin PBXFileReference section */
		0B7C258CB37306DD73C5B052 /* Pods-Footprint.debug.xcconfig */ = {isa = PBXFileReference; includeInIndex = 1; lastKnownFileType = text.xcconfig; name = "Pods-Footprint.debug.xcconfig"; path = "Target Support Files/Pods-Footprint/Pods-Footprint.debug.xcconfig"; sourceTree = "<group>"; };
		2606B4CC29437BD10012349A /* loading.json */ = {isa = PBXFileReference; fileEncoding = 4; lastKnownFileType = text.json; path = loading.json; sourceTree = "<group>"; };
		2619FE892940D6AC00D24778 /* CheckPermissionView.swift */ = {isa = PBXFileReference; lastKnownFileType = sourcecode.swift; path = CheckPermissionView.swift; sourceTree = "<group>"; };
		2619FE8B2940D6B300D24778 /* CheckPermissionViewModel.swift */ = {isa = PBXFileReference; lastKnownFileType = sourcecode.swift; path = CheckPermissionViewModel.swift; sourceTree = "<group>"; };
		262D2A01293E2BA4005984DA /* SettingView.swift */ = {isa = PBXFileReference; lastKnownFileType = sourcecode.swift; path = SettingView.swift; sourceTree = "<group>"; };
		262D2A03293E2BAA005984DA /* SettingViewModel.swift */ = {isa = PBXFileReference; lastKnownFileType = sourcecode.swift; path = SettingViewModel.swift; sourceTree = "<group>"; };
		262D2A05293E310E005984DA /* MailView.swift */ = {isa = PBXFileReference; lastKnownFileType = sourcecode.swift; path = MailView.swift; sourceTree = "<group>"; };
		26332175292095E90065AE3A /* ShowFootPrintView.swift */ = {isa = PBXFileReference; lastKnownFileType = sourcecode.swift; path = ShowFootPrintView.swift; sourceTree = "<group>"; };
		26332177292095F10065AE3A /* ShowFootPrintViewModel.swift */ = {isa = PBXFileReference; lastKnownFileType = sourcecode.swift; path = ShowFootPrintViewModel.swift; sourceTree = "<group>"; };
		2639921E291FEBA60049F047 /* KeyboardReadable.swift */ = {isa = PBXFileReference; lastKnownFileType = sourcecode.swift; path = KeyboardReadable.swift; sourceTree = "<group>"; };
		263A97BA2945852E008A69F5 /* PeopleWithSelectorView.swift */ = {isa = PBXFileReference; lastKnownFileType = sourcecode.swift; path = PeopleWithSelectorView.swift; sourceTree = "<group>"; };
		263A97BC29458533008A69F5 /* PeopleWithSelectorViewModel.swift */ = {isa = PBXFileReference; lastKnownFileType = sourcecode.swift; path = PeopleWithSelectorViewModel.swift; sourceTree = "<group>"; };
		264B70BB291F8DD900CDAF9F /* ApiResponse.swift */ = {isa = PBXFileReference; lastKnownFileType = sourcecode.swift; path = ApiResponse.swift; sourceTree = "<group>"; };
		264B70BF291F8E9C00CDAF9F /* C.swift */ = {isa = PBXFileReference; lastKnownFileType = sourcecode.swift; path = C.swift; sourceTree = "<group>"; };
		264EEF562925128300B89624 /* AddCategoryView.swift */ = {isa = PBXFileReference; lastKnownFileType = sourcecode.swift; path = AddCategoryView.swift; sourceTree = "<group>"; };
		264EEF582925128A00B89624 /* AddCategoryViewModel.swift */ = {isa = PBXFileReference; lastKnownFileType = sourcecode.swift; path = AddCategoryViewModel.swift; sourceTree = "<group>"; };
		265924C629445BD9001E7025 /* FootprintListView.swift */ = {isa = PBXFileReference; lastKnownFileType = sourcecode.swift; path = FootprintListView.swift; sourceTree = "<group>"; };
		265924C829445BE1001E7025 /* FootprintListViewModel.swift */ = {isa = PBXFileReference; lastKnownFileType = sourcecode.swift; path = FootprintListViewModel.swift; sourceTree = "<group>"; };
		265EA940291D112B00068A5C /* MapView.swift */ = {isa = PBXFileReference; lastKnownFileType = sourcecode.swift; path = MapView.swift; sourceTree = "<group>"; };
		265EA944291D134200068A5C /* MapViewModel.swift */ = {isa = PBXFileReference; lastKnownFileType = sourcecode.swift; path = MapViewModel.swift; sourceTree = "<group>"; };
		265EA946291D1E1400068A5C /* DataModel.swift */ = {isa = PBXFileReference; lastKnownFileType = sourcecode.swift; path = DataModel.swift; sourceTree = "<group>"; };
		2691D9C2294EE4B1002825B9 /* FootprintListFilterView.swift */ = {isa = PBXFileReference; lastKnownFileType = sourcecode.swift; path = FootprintListFilterView.swift; sourceTree = "<group>"; };
		2691D9C4294EE4B6002825B9 /* FootprintListFilterViewModel.swift */ = {isa = PBXFileReference; lastKnownFileType = sourcecode.swift; path = FootprintListFilterViewModel.swift; sourceTree = "<group>"; };
		2691D9C6294EE505002825B9 /* BluePrintBottomSheetView.swift */ = {isa = PBXFileReference; lastKnownFileType = sourcecode.swift; path = BluePrintBottomSheetView.swift; sourceTree = "<group>"; };
		26940CAC293C9D0F0091E996 /* ShowImageView.swift */ = {isa = PBXFileReference; lastKnownFileType = sourcecode.swift; path = ShowImageView.swift; sourceTree = "<group>"; };
		26940CAE293C9D170091E996 /* ShowImageViewModel.swift */ = {isa = PBXFileReference; lastKnownFileType = sourcecode.swift; path = ShowImageViewModel.swift; sourceTree = "<group>"; };
		26BD8FCA29694CE5005F7E5C /* ApiInfo.plist */ = {isa = PBXFileReference; lastKnownFileType = text.plist.xml; path = ApiInfo.plist; sourceTree = "<group>"; };
		26C04F6C2917667F00890A76 /* SwiftUIExtension.swift */ = {isa = PBXFileReference; lastKnownFileType = sourcecode.swift; path = SwiftUIExtension.swift; sourceTree = "<group>"; };
		345566BC804EBC9D85B35660 /* Pods_Footprint.framework */ = {isa = PBXFileReference; explicitFileType = wrapper.framework; includeInIndex = 0; path = Pods_Footprint.framework; sourceTree = BUILT_PRODUCTS_DIR; };
		631D75232966619B00464F33 /* SToggleView.swift */ = {isa = PBXFileReference; lastKnownFileType = sourcecode.swift; path = SToggleView.swift; sourceTree = "<group>"; };
		631D7527296661FA00464F33 /* MainMapOptionView.swift */ = {isa = PBXFileReference; lastKnownFileType = sourcecode.swift; path = MainMapOptionView.swift; sourceTree = "<group>"; };
		631D7529296661FE00464F33 /* MainMapOptionViewModel.swift */ = {isa = PBXFileReference; lastKnownFileType = sourcecode.swift; path = MainMapOptionViewModel.swift; sourceTree = "<group>"; };
		631D752C29667A4700464F33 /* PeopleWithListView.swift */ = {isa = PBXFileReference; lastKnownFileType = sourcecode.swift; path = PeopleWithListView.swift; sourceTree = "<group>"; };
		631D752E29667A4D00464F33 /* PeopleWithListViewModel.swift */ = {isa = PBXFileReference; lastKnownFileType = sourcecode.swift; path = PeopleWithListViewModel.swift; sourceTree = "<group>"; };
		63209FE42913C3BF00709227 /* Footprint.app */ = {isa = PBXFileReference; explicitFileType = wrapper.application; includeInIndex = 0; path = Footprint.app; sourceTree = BUILT_PRODUCTS_DIR; };
		63209FEB2913C3C000709227 /* Assets.xcassets */ = {isa = PBXFileReference; lastKnownFileType = folder.assetcatalog; path = Assets.xcassets; sourceTree = "<group>"; };
		63209FEE2913C3C000709227 /* Preview Assets.xcassets */ = {isa = PBXFileReference; lastKnownFileType = folder.assetcatalog; path = "Preview Assets.xcassets"; sourceTree = "<group>"; };
		63209FF52913C67E00709227 /* Info.plist */ = {isa = PBXFileReference; lastKnownFileType = text.plist; path = Info.plist; sourceTree = "<group>"; };
		63B1FAEC2914A85B007E94B6 /* AddFootprintView.swift */ = {isa = PBXFileReference; lastKnownFileType = sourcecode.swift; path = AddFootprintView.swift; sourceTree = "<group>"; };
		63B1FAEE2914A861007E94B6 /* AddFootprintViewModel.swift */ = {isa = PBXFileReference; lastKnownFileType = sourcecode.swift; path = AddFootprintViewModel.swift; sourceTree = "<group>"; };
		63B1FAF42914B148007E94B6 /* SProgress.swift */ = {isa = PBXFileReference; lastKnownFileType = sourcecode.swift; path = SProgress.swift; sourceTree = "<group>"; };
		63B1FAF72914B2B0007E94B6 /* walking_dog.json */ = {isa = PBXFileReference; fileEncoding = 4; lastKnownFileType = text.json; path = walking_dog.json; sourceTree = "<group>"; };
		63B1FAFA2914B31E007E94B6 /* MultiSelectGalleryView.swift */ = {isa = PBXFileReference; lastKnownFileType = sourcecode.swift; path = MultiSelectGalleryView.swift; sourceTree = "<group>"; };
		63B1FAFC2914B324007E94B6 /* MultiSelectGalleryViewModel.swift */ = {isa = PBXFileReference; lastKnownFileType = sourcecode.swift; path = MultiSelectGalleryViewModel.swift; sourceTree = "<group>"; };
		63B1FB022914B381007E94B6 /* RealmDB.swift */ = {isa = PBXFileReference; lastKnownFileType = sourcecode.swift; path = RealmDB.swift; sourceTree = "<group>"; };
		63C102B229651E690099AF6A /* Footprint++Bundle.swift */ = {isa = PBXFileReference; lastKnownFileType = sourcecode.swift; path = "Footprint++Bundle.swift"; sourceTree = "<group>"; };
		63C102B7296530680099AF6A /* GoogleMapView.swift */ = {isa = PBXFileReference; lastKnownFileType = sourcecode.swift; path = GoogleMapView.swift; sourceTree = "<group>"; };
		63C81AB42963BD3D0001A70B /* SelectFootprintsView.swift */ = {isa = PBXFileReference; lastKnownFileType = sourcecode.swift; path = SelectFootprintsView.swift; sourceTree = "<group>"; };
		63C81AB62963BD430001A70B /* SelectFootprintsViewModel.swift */ = {isa = PBXFileReference; lastKnownFileType = sourcecode.swift; path = SelectFootprintsViewModel.swift; sourceTree = "<group>"; };
		63C81AB82963D6EF0001A70B /* DragAndDropService.swift */ = {isa = PBXFileReference; lastKnownFileType = sourcecode.swift; path = DragAndDropService.swift; sourceTree = "<group>"; };
		63C8CCF52941D60400BB861D /* DevInfoView.swift */ = {isa = PBXFileReference; lastKnownFileType = sourcecode.swift; path = DevInfoView.swift; sourceTree = "<group>"; };
		63C8CCF72941D60D00BB861D /* DevInfoViewModel.swift */ = {isa = PBXFileReference; lastKnownFileType = sourcecode.swift; path = DevInfoViewModel.swift; sourceTree = "<group>"; };
		63E2756829502DFA00E4AABC /* PinchZoom.swift */ = {isa = PBXFileReference; lastKnownFileType = sourcecode.swift; path = PinchZoom.swift; sourceTree = "<group>"; };
		63E848A0295ABE790037D7A3 /* CreateTravelView.swift */ = {isa = PBXFileReference; lastKnownFileType = sourcecode.swift; path = CreateTravelView.swift; sourceTree = "<group>"; };
		63E848A2295ABE7E0037D7A3 /* CreateTravelViewModel.swift */ = {isa = PBXFileReference; lastKnownFileType = sourcecode.swift; path = CreateTravelViewModel.swift; sourceTree = "<group>"; };
		63E848A6295ABEBD0037D7A3 /* TravelListView.swift */ = {isa = PBXFileReference; lastKnownFileType = sourcecode.swift; path = TravelListView.swift; sourceTree = "<group>"; };
		63E848A8295ABEC20037D7A3 /* TravelListViewModel.swift */ = {isa = PBXFileReference; lastKnownFileType = sourcecode.swift; path = TravelListViewModel.swift; sourceTree = "<group>"; };
		63F132412914A18800B3A9E0 /* AlertViewModel.swift */ = {isa = PBXFileReference; fileEncoding = 4; lastKnownFileType = sourcecode.swift; path = AlertViewModel.swift; sourceTree = "<group>"; };
		63F132422914A18800B3A9E0 /* AlertView.swift */ = {isa = PBXFileReference; fileEncoding = 4; lastKnownFileType = sourcecode.swift; path = AlertView.swift; sourceTree = "<group>"; };
		63F132432914A18800B3A9E0 /* SwiftExtension.swift */ = {isa = PBXFileReference; fileEncoding = 4; lastKnownFileType = sourcecode.swift; path = SwiftExtension.swift; sourceTree = "<group>"; };
		63F132442914A18800B3A9E0 /* Util.swift */ = {isa = PBXFileReference; fileEncoding = 4; lastKnownFileType = sourcecode.swift; path = Util.swift; sourceTree = "<group>"; };
		63F132452914A18800B3A9E0 /* Defaults.swift */ = {isa = PBXFileReference; fileEncoding = 4; lastKnownFileType = sourcecode.swift; path = Defaults.swift; sourceTree = "<group>"; };
		63F132462914A18800B3A9E0 /* Api.swift */ = {isa = PBXFileReference; fileEncoding = 4; lastKnownFileType = sourcecode.swift; path = Api.swift; sourceTree = "<group>"; };
		63F1324E2914A18F00B3A9E0 /* BaseViewController.swift */ = {isa = PBXFileReference; fileEncoding = 4; lastKnownFileType = sourcecode.swift; path = BaseViewController.swift; sourceTree = "<group>"; };
		63F1324F2914A18F00B3A9E0 /* BaseViewModel.swift */ = {isa = PBXFileReference; fileEncoding = 4; lastKnownFileType = sourcecode.swift; path = BaseViewModel.swift; sourceTree = "<group>"; };
		63F132532914A19F00B3A9E0 /* AppDelegate.swift */ = {isa = PBXFileReference; fileEncoding = 4; lastKnownFileType = sourcecode.swift; path = AppDelegate.swift; sourceTree = "<group>"; };
		63F132542914A19F00B3A9E0 /* SceneDelegate.swift */ = {isa = PBXFileReference; fileEncoding = 4; lastKnownFileType = sourcecode.swift; path = SceneDelegate.swift; sourceTree = "<group>"; };
		63F132582914A1A300B3A9E0 /* AppCoordinator.swift */ = {isa = PBXFileReference; fileEncoding = 4; lastKnownFileType = sourcecode.swift; path = AppCoordinator.swift; sourceTree = "<group>"; };
		63F132592914A1A300B3A9E0 /* Coordinator.swift */ = {isa = PBXFileReference; fileEncoding = 4; lastKnownFileType = sourcecode.swift; path = Coordinator.swift; sourceTree = "<group>"; };
		63F1325E2914A1C000B3A9E0 /* SplashViewModel.swift */ = {isa = PBXFileReference; fileEncoding = 4; lastKnownFileType = sourcecode.swift; path = SplashViewModel.swift; sourceTree = "<group>"; };
		63F1325F2914A1C000B3A9E0 /* SplashView.swift */ = {isa = PBXFileReference; fileEncoding = 4; lastKnownFileType = sourcecode.swift; path = SplashView.swift; sourceTree = "<group>"; };
		63F1326A2914A1C000B3A9E0 /* MultilineTextView.swift */ = {isa = PBXFileReference; fileEncoding = 4; lastKnownFileType = sourcecode.swift; path = MultilineTextView.swift; sourceTree = "<group>"; };
		63F1326B2914A1C000B3A9E0 /* EmailSender.swift */ = {isa = PBXFileReference; fileEncoding = 4; lastKnownFileType = sourcecode.swift; path = EmailSender.swift; sourceTree = "<group>"; };
		63F1326C2914A1C000B3A9E0 /* ProgressView.swift */ = {isa = PBXFileReference; fileEncoding = 4; lastKnownFileType = sourcecode.swift; path = ProgressView.swift; sourceTree = "<group>"; };
		63F1326D2914A1C000B3A9E0 /* Topbar.swift */ = {isa = PBXFileReference; fileEncoding = 4; lastKnownFileType = sourcecode.swift; path = Topbar.swift; sourceTree = "<group>"; };
		63F1326E2914A1C000B3A9E0 /* WebView.swift */ = {isa = PBXFileReference; fileEncoding = 4; lastKnownFileType = sourcecode.swift; path = WebView.swift; sourceTree = "<group>"; };
		63F132862914A1C000B3A9E0 /* MainViewModel.swift */ = {isa = PBXFileReference; fileEncoding = 4; lastKnownFileType = sourcecode.swift; path = MainViewModel.swift; sourceTree = "<group>"; };
		63F132872914A1C000B3A9E0 /* MainView.swift */ = {isa = PBXFileReference; fileEncoding = 4; lastKnownFileType = sourcecode.swift; path = MainView.swift; sourceTree = "<group>"; };
		63F1328C2914A1C000B3A9E0 /* BluePrintView.swift */ = {isa = PBXFileReference; fileEncoding = 4; lastKnownFileType = sourcecode.swift; path = BluePrintView.swift; sourceTree = "<group>"; };
		63F1328D2914A1C000B3A9E0 /* BluePrintViewModel.swift */ = {isa = PBXFileReference; fileEncoding = 4; lastKnownFileType = sourcecode.swift; path = BluePrintViewModel.swift; sourceTree = "<group>"; };
		63F132B52914A56300B3A9E0 /* LottieView.swift */ = {isa = PBXFileReference; fileEncoding = 4; lastKnownFileType = sourcecode.swift; path = LottieView.swift; sourceTree = "<group>"; };
		63FA2386294C35CB00D31506 /* PeopleEditView.swift */ = {isa = PBXFileReference; lastKnownFileType = sourcecode.swift; path = PeopleEditView.swift; sourceTree = "<group>"; };
		63FA2388294C35E300D31506 /* PeopleEditViewModel.swift */ = {isa = PBXFileReference; lastKnownFileType = sourcecode.swift; path = PeopleEditViewModel.swift; sourceTree = "<group>"; };
		63FA238D294C42C900D31506 /* SingleSelectGalleryView.swift */ = {isa = PBXFileReference; lastKnownFileType = sourcecode.swift; path = SingleSelectGalleryView.swift; sourceTree = "<group>"; };
		63FA238F294C42CE00D31506 /* SingleSelectGalleryViewModel.swift */ = {isa = PBXFileReference; lastKnownFileType = sourcecode.swift; path = SingleSelectGalleryViewModel.swift; sourceTree = "<group>"; };
		ABE65B1C5B31A01C8E2F03B9 /* Pods-Footprint.release.xcconfig */ = {isa = PBXFileReference; includeInIndex = 1; lastKnownFileType = text.xcconfig; name = "Pods-Footprint.release.xcconfig"; path = "Target Support Files/Pods-Footprint/Pods-Footprint.release.xcconfig"; sourceTree = "<group>"; };
/* End PBXFileReference section */

/* Begin PBXFrameworksBuildPhase section */
		63209FE12913C3BF00709227 /* Frameworks */ = {
			isa = PBXFrameworksBuildPhase;
			buildActionMask = 2147483647;
			files = (
				265A0A0E2916297E00027829 /* RealmSwift in Frameworks */,
				265A0A0C2916297E00027829 /* Realm in Frameworks */,
				63B1FAF22914A91F007E94B6 /* FittedSheets in Frameworks */,
				63B1FAE42914A6D8007E94B6 /* Lottie in Frameworks */,
				63B1FB062914B5CB007E94B6 /* SwiftUIPullToRefresh in Frameworks */,
				63B1FAE72914A6FE007E94B6 /* Alamofire in Frameworks */,
				63B1FAEA2914A718007E94B6 /* SwiftUIPager in Frameworks */,
				63B1FB002914B347007E94B6 /* Kingfisher in Frameworks */,
				EA8F1CE5AADA34D35AD14494 /* Pods_Footprint.framework in Frameworks */,
			);
			runOnlyForDeploymentPostprocessing = 0;
		};
/* End PBXFrameworksBuildPhase section */

/* Begin PBXGroup section */
		1522B1A1B0EADD34D7FC0D99 /* Pods */ = {
			isa = PBXGroup;
			children = (
				0B7C258CB37306DD73C5B052 /* Pods-Footprint.debug.xcconfig */,
				ABE65B1C5B31A01C8E2F03B9 /* Pods-Footprint.release.xcconfig */,
			);
			path = Pods;
			sourceTree = "<group>";
		};
		2619FE882940D69700D24778 /* CheckPermission */ = {
			isa = PBXGroup;
			children = (
				2619FE892940D6AC00D24778 /* CheckPermissionView.swift */,
				2619FE8B2940D6B300D24778 /* CheckPermissionViewModel.swift */,
			);
			path = CheckPermission;
			sourceTree = "<group>";
		};
		262D2A00293E2B97005984DA /* SettingView */ = {
			isa = PBXGroup;
			children = (
				631D7525296661D300464F33 /* AppSetting */,
				63C8CCF42941D5F700BB861D /* DevInfo */,
				262D2A01293E2BA4005984DA /* SettingView.swift */,
				262D2A03293E2BAA005984DA /* SettingViewModel.swift */,
			);
			path = SettingView;
			sourceTree = "<group>";
		};
		26332174292095CD0065AE3A /* ShowFootPrint */ = {
			isa = PBXGroup;
			children = (
				26332175292095E90065AE3A /* ShowFootPrintView.swift */,
				26332177292095F10065AE3A /* ShowFootPrintViewModel.swift */,
			);
			path = ShowFootPrint;
			sourceTree = "<group>";
		};
		263A97B929458516008A69F5 /* PeopleWithSelector */ = {
			isa = PBXGroup;
			children = (
				63FA2385294C35BA00D31506 /* PeopleEditView */,
				263A97BA2945852E008A69F5 /* PeopleWithSelectorView.swift */,
				263A97BC29458533008A69F5 /* PeopleWithSelectorViewModel.swift */,
			);
			path = PeopleWithSelector;
			sourceTree = "<group>";
		};
		264B70BA291F8DD000CDAF9F /* Api */ = {
			isa = PBXGroup;
			children = (
				264B70BB291F8DD900CDAF9F /* ApiResponse.swift */,
				63F132462914A18800B3A9E0 /* Api.swift */,
			);
			path = Api;
			sourceTree = "<group>";
		};
		264EEF552925126200B89624 /* AddCategory */ = {
			isa = PBXGroup;
			children = (
				264EEF562925128300B89624 /* AddCategoryView.swift */,
				264EEF582925128A00B89624 /* AddCategoryViewModel.swift */,
			);
			path = AddCategory;
			sourceTree = "<group>";
		};
		265924C529445BC7001E7025 /* FootprintList */ = {
			isa = PBXGroup;
			children = (
				63E8489F295ABE5D0037D7A3 /* Travel */,
				2691D9C1294EE49E002825B9 /* FootprintListFilter */,
				265924C629445BD9001E7025 /* FootprintListView.swift */,
				265924C829445BE1001E7025 /* FootprintListViewModel.swift */,
			);
			path = FootprintList;
			sourceTree = "<group>";
		};
		265EA942291D133200068A5C /* MapView */ = {
			isa = PBXGroup;
			children = (
				265EA940291D112B00068A5C /* MapView.swift */,
				265EA944291D134200068A5C /* MapViewModel.swift */,
			);
			path = MapView;
			sourceTree = "<group>";
		};
		2691D9C1294EE49E002825B9 /* FootprintListFilter */ = {
			isa = PBXGroup;
			children = (
				2691D9C2294EE4B1002825B9 /* FootprintListFilterView.swift */,
				2691D9C4294EE4B6002825B9 /* FootprintListFilterViewModel.swift */,
			);
			path = FootprintListFilter;
			sourceTree = "<group>";
		};
		26940CAB293C9D000091E996 /* ShowImage */ = {
			isa = PBXGroup;
			children = (
				26940CAC293C9D0F0091E996 /* ShowImageView.swift */,
				26940CAE293C9D170091E996 /* ShowImageViewModel.swift */,
			);
			path = ShowImage;
			sourceTree = "<group>";
		};
		631D7525296661D300464F33 /* AppSetting */ = {
			isa = PBXGroup;
			children = (
				631D752B29667A2C00464F33 /* PeopleWithList */,
				631D7526296661DE00464F33 /* MainMapOption */,
				2619FE882940D69700D24778 /* CheckPermission */,
			);
			path = AppSetting;
			sourceTree = "<group>";
		};
		631D7526296661DE00464F33 /* MainMapOption */ = {
			isa = PBXGroup;
			children = (
				631D7527296661FA00464F33 /* MainMapOptionView.swift */,
				631D7529296661FE00464F33 /* MainMapOptionViewModel.swift */,
			);
			path = MainMapOption;
			sourceTree = "<group>";
		};
		631D752B29667A2C00464F33 /* PeopleWithList */ = {
			isa = PBXGroup;
			children = (
				631D753029667E4E00464F33 /* New Group */,
				631D752C29667A4700464F33 /* PeopleWithListView.swift */,
				631D752E29667A4D00464F33 /* PeopleWithListViewModel.swift */,
			);
			path = PeopleWithList;
			sourceTree = "<group>";
		};
		631D753029667E4E00464F33 /* New Group */ = {
			isa = PBXGroup;
			children = (
			);
			path = "New Group";
			sourceTree = "<group>";
		};
		63209FDB2913C3BF00709227 = {
			isa = PBXGroup;
			children = (
				63209FE62913C3BF00709227 /* Footprint */,
				63209FE52913C3BF00709227 /* Products */,
				1522B1A1B0EADD34D7FC0D99 /* Pods */,
				CEDBEC64F26317C4867AA0E2 /* Frameworks */,
			);
			sourceTree = "<group>";
		};
		63209FE52913C3BF00709227 /* Products */ = {
			isa = PBXGroup;
			children = (
				63209FE42913C3BF00709227 /* Footprint.app */,
			);
			name = Products;
			sourceTree = "<group>";
		};
		63209FE62913C3BF00709227 /* Footprint */ = {
			isa = PBXGroup;
			children = (
				264B70BA291F8DD000CDAF9F /* Api */,
				63209FF52913C67E00709227 /* Info.plist */,
				26BD8FCA29694CE5005F7E5C /* ApiInfo.plist */,
				63C102B229651E690099AF6A /* Footprint++Bundle.swift */,
				63B1FB012914B378007E94B6 /* DataClass */,
				63F1325C2914A1C000B3A9E0 /* UI */,
				63F1323F2914A18800B3A9E0 /* Common */,
				63F132572914A1A300B3A9E0 /* Coordinator */,
				63F132522914A19F00B3A9E0 /* Delegate */,
				63B1FAF62914B29A007E94B6 /* Resource */,
				63F1324D2914A18F00B3A9E0 /* Base */,
				63209FED2913C3C000709227 /* Preview Content */,
			);
			path = Footprint;
			sourceTree = "<group>";
		};
		63209FED2913C3C000709227 /* Preview Content */ = {
			isa = PBXGroup;
			children = (
				63209FEE2913C3C000709227 /* Preview Assets.xcassets */,
			);
			path = "Preview Content";
			sourceTree = "<group>";
		};
		63B1FAEB2914A838007E94B6 /* AddFootprint */ = {
			isa = PBXGroup;
			children = (
				263A97B929458516008A69F5 /* PeopleWithSelector */,
				63B1FAF92914B312007E94B6 /* Gallery */,
				264EEF552925126200B89624 /* AddCategory */,
				63B1FAEC2914A85B007E94B6 /* AddFootprintView.swift */,
				63B1FAEE2914A861007E94B6 /* AddFootprintViewModel.swift */,
			);
			path = AddFootprint;
			sourceTree = "<group>";
		};
		63B1FAF62914B29A007E94B6 /* Resource */ = {
			isa = PBXGroup;
			children = (
				63209FEB2913C3C000709227 /* Assets.xcassets */,
				2606B4CC29437BD10012349A /* loading.json */,
				63B1FAF72914B2B0007E94B6 /* walking_dog.json */,
			);
			path = Resource;
			sourceTree = "<group>";
		};
		63B1FAF92914B312007E94B6 /* Gallery */ = {
			isa = PBXGroup;
			children = (
				63FA238C294C423700D31506 /* MultiSelectGallery */,
				63FA238B294C41D200D31506 /* SingleSelectGallery */,
				26940CAB293C9D000091E996 /* ShowImage */,
			);
			path = Gallery;
			sourceTree = "<group>";
		};
		63B1FB012914B378007E94B6 /* DataClass */ = {
			isa = PBXGroup;
			children = (
				63B1FB022914B381007E94B6 /* RealmDB.swift */,
				265EA946291D1E1400068A5C /* DataModel.swift */,
			);
			path = DataClass;
			sourceTree = "<group>";
		};
		63C102B62965305D0099AF6A /* GoogleMapView */ = {
			isa = PBXGroup;
			children = (
				63C102B7296530680099AF6A /* GoogleMapView.swift */,
			);
			path = GoogleMapView;
			sourceTree = "<group>";
		};
		63C81AB32963BD280001A70B /* SelectFootprints */ = {
			isa = PBXGroup;
			children = (
				63C81AB42963BD3D0001A70B /* SelectFootprintsView.swift */,
				63C81AB62963BD430001A70B /* SelectFootprintsViewModel.swift */,
			);
			path = SelectFootprints;
			sourceTree = "<group>";
		};
		63C8CCF42941D5F700BB861D /* DevInfo */ = {
			isa = PBXGroup;
			children = (
				63C8CCF52941D60400BB861D /* DevInfoView.swift */,
				63C8CCF72941D60D00BB861D /* DevInfoViewModel.swift */,
			);
			path = DevInfo;
			sourceTree = "<group>";
		};
		63E8489F295ABE5D0037D7A3 /* Travel */ = {
			isa = PBXGroup;
			children = (
				63C81AB32963BD280001A70B /* SelectFootprints */,
				63E848A5295ABEAF0037D7A3 /* TravelList */,
				63E848A4295ABEA40037D7A3 /* CreateTravel */,
			);
			path = Travel;
			sourceTree = "<group>";
		};
		63E848A4295ABEA40037D7A3 /* CreateTravel */ = {
			isa = PBXGroup;
			children = (
				63E848A0295ABE790037D7A3 /* CreateTravelView.swift */,
				63E848A2295ABE7E0037D7A3 /* CreateTravelViewModel.swift */,
			);
			path = CreateTravel;
			sourceTree = "<group>";
		};
		63E848A5295ABEAF0037D7A3 /* TravelList */ = {
			isa = PBXGroup;
			children = (
				63E848A6295ABEBD0037D7A3 /* TravelListView.swift */,
				63E848A8295ABEC20037D7A3 /* TravelListViewModel.swift */,
			);
			path = TravelList;
			sourceTree = "<group>";
		};
		63F1323F2914A18800B3A9E0 /* Common */ = {
			isa = PBXGroup;
			children = (
				63F132402914A18800B3A9E0 /* Alert */,
				63F132442914A18800B3A9E0 /* Util.swift */,
				63F132452914A18800B3A9E0 /* Defaults.swift */,
				63F132432914A18800B3A9E0 /* SwiftExtension.swift */,
				26C04F6C2917667F00890A76 /* SwiftUIExtension.swift */,
				264B70BF291F8E9C00CDAF9F /* C.swift */,
				2639921E291FEBA60049F047 /* KeyboardReadable.swift */,
			);
			path = Common;
			sourceTree = "<group>";
		};
		63F132402914A18800B3A9E0 /* Alert */ = {
			isa = PBXGroup;
			children = (
				63F132412914A18800B3A9E0 /* AlertViewModel.swift */,
				63F132422914A18800B3A9E0 /* AlertView.swift */,
			);
			path = Alert;
			sourceTree = "<group>";
		};
		63F1324D2914A18F00B3A9E0 /* Base */ = {
			isa = PBXGroup;
			children = (
				63F1324E2914A18F00B3A9E0 /* BaseViewController.swift */,
				63F1324F2914A18F00B3A9E0 /* BaseViewModel.swift */,
			);
			path = Base;
			sourceTree = "<group>";
		};
		63F132522914A19F00B3A9E0 /* Delegate */ = {
			isa = PBXGroup;
			children = (
				63F132532914A19F00B3A9E0 /* AppDelegate.swift */,
				63F132542914A19F00B3A9E0 /* SceneDelegate.swift */,
			);
			path = Delegate;
			sourceTree = "<group>";
		};
		63F132572914A1A300B3A9E0 /* Coordinator */ = {
			isa = PBXGroup;
			children = (
				63F132582914A1A300B3A9E0 /* AppCoordinator.swift */,
				63F132592914A1A300B3A9E0 /* Coordinator.swift */,
			);
			path = Coordinator;
			sourceTree = "<group>";
		};
		63F1325C2914A1C000B3A9E0 /* UI */ = {
			isa = PBXGroup;
			children = (
				265924C529445BC7001E7025 /* FootprintList */,
				262D2A00293E2B97005984DA /* SettingView */,
				26332174292095CD0065AE3A /* ShowFootPrint */,
				265EA942291D133200068A5C /* MapView */,
				63F1325D2914A1C000B3A9E0 /* Splash */,
				63F132852914A1C000B3A9E0 /* Main */,
				63B1FAEB2914A838007E94B6 /* AddFootprint */,
				63F132692914A1C000B3A9E0 /* CustomView */,
				63F1328B2914A1C000B3A9E0 /* BluePrint */,
			);
			path = UI;
			sourceTree = "<group>";
		};
		63F1325D2914A1C000B3A9E0 /* Splash */ = {
			isa = PBXGroup;
			children = (
				63F1325F2914A1C000B3A9E0 /* SplashView.swift */,
				63F1325E2914A1C000B3A9E0 /* SplashViewModel.swift */,
			);
			path = Splash;
			sourceTree = "<group>";
		};
		63F132692914A1C000B3A9E0 /* CustomView */ = {
			isa = PBXGroup;
			children = (
				63B1FAF42914B148007E94B6 /* SProgress.swift */,
				63F132B52914A56300B3A9E0 /* LottieView.swift */,
				63F1326A2914A1C000B3A9E0 /* MultilineTextView.swift */,
				63F1326B2914A1C000B3A9E0 /* EmailSender.swift */,
				63F1326C2914A1C000B3A9E0 /* ProgressView.swift */,
				63F1326D2914A1C000B3A9E0 /* Topbar.swift */,
				63F1326E2914A1C000B3A9E0 /* WebView.swift */,
				262D2A05293E310E005984DA /* MailView.swift */,
				63E2756829502DFA00E4AABC /* PinchZoom.swift */,
				63C81AB82963D6EF0001A70B /* DragAndDropService.swift */,
				631D75232966619B00464F33 /* SToggleView.swift */,
			);
			path = CustomView;
			sourceTree = "<group>";
		};
		63F132852914A1C000B3A9E0 /* Main */ = {
			isa = PBXGroup;
			children = (
				63C102B62965305D0099AF6A /* GoogleMapView */,
				63F132872914A1C000B3A9E0 /* MainView.swift */,
				63F132862914A1C000B3A9E0 /* MainViewModel.swift */,
			);
			path = Main;
			sourceTree = "<group>";
		};
		63F1328B2914A1C000B3A9E0 /* BluePrint */ = {
			isa = PBXGroup;
			children = (
				63F1328C2914A1C000B3A9E0 /* BluePrintView.swift */,
				63F1328D2914A1C000B3A9E0 /* BluePrintViewModel.swift */,
				2691D9C6294EE505002825B9 /* BluePrintBottomSheetView.swift */,
			);
			path = BluePrint;
			sourceTree = "<group>";
		};
		63FA2385294C35BA00D31506 /* PeopleEditView */ = {
			isa = PBXGroup;
			children = (
				63FA2386294C35CB00D31506 /* PeopleEditView.swift */,
				63FA2388294C35E300D31506 /* PeopleEditViewModel.swift */,
			);
			path = PeopleEditView;
			sourceTree = "<group>";
		};
		63FA238B294C41D200D31506 /* SingleSelectGallery */ = {
			isa = PBXGroup;
			children = (
				63FA238D294C42C900D31506 /* SingleSelectGalleryView.swift */,
				63FA238F294C42CE00D31506 /* SingleSelectGalleryViewModel.swift */,
			);
			path = SingleSelectGallery;
			sourceTree = "<group>";
		};
		63FA238C294C423700D31506 /* MultiSelectGallery */ = {
			isa = PBXGroup;
			children = (
				63B1FAFA2914B31E007E94B6 /* MultiSelectGalleryView.swift */,
				63B1FAFC2914B324007E94B6 /* MultiSelectGalleryViewModel.swift */,
			);
			path = MultiSelectGallery;
			sourceTree = "<group>";
		};
		CEDBEC64F26317C4867AA0E2 /* Frameworks */ = {
			isa = PBXGroup;
			children = (
				345566BC804EBC9D85B35660 /* Pods_Footprint.framework */,
			);
			name = Frameworks;
			sourceTree = "<group>";
		};
/* End PBXGroup section */

/* Begin PBXNativeTarget section */
		63209FE32913C3BF00709227 /* Footprint */ = {
			isa = PBXNativeTarget;
			buildConfigurationList = 63209FF22913C3C000709227 /* Build configuration list for PBXNativeTarget "Footprint" */;
			buildPhases = (
				E7012FB84BBCA6F2EECF37B6 /* [CP] Check Pods Manifest.lock */,
				63209FE02913C3BF00709227 /* Sources */,
				63209FE12913C3BF00709227 /* Frameworks */,
				63209FE22913C3BF00709227 /* Resources */,
				1438933A45BECBC4F88C1AB2 /* [CP] Embed Pods Frameworks */,
				7B65BB9D939F49EEDFC77258 /* [CP] Copy Pods Resources */,
			);
			buildRules = (
			);
			dependencies = (
			);
			name = Footprint;
			packageProductDependencies = (
				63B1FAE32914A6D8007E94B6 /* Lottie */,
				63B1FAE62914A6FE007E94B6 /* Alamofire */,
				63B1FAE92914A718007E94B6 /* SwiftUIPager */,
				63B1FAF12914A91F007E94B6 /* FittedSheets */,
				63B1FAFF2914B347007E94B6 /* Kingfisher */,
				63B1FB052914B5CB007E94B6 /* SwiftUIPullToRefresh */,
				265A0A0B2916297E00027829 /* Realm */,
				265A0A0D2916297E00027829 /* RealmSwift */,
			);
			productName = Footprint;
			productReference = 63209FE42913C3BF00709227 /* Footprint.app */;
			productType = "com.apple.product-type.application";
		};
/* End PBXNativeTarget section */

/* Begin PBXProject section */
		63209FDC2913C3BF00709227 /* Project object */ = {
			isa = PBXProject;
			attributes = {
				BuildIndependentTargetsInParallel = 1;
				LastSwiftUpdateCheck = 1340;
				LastUpgradeCheck = 1340;
				TargetAttributes = {
					63209FE32913C3BF00709227 = {
						CreatedOnToolsVersion = 13.4.1;
					};
				};
			};
			buildConfigurationList = 63209FDF2913C3BF00709227 /* Build configuration list for PBXProject "Footprint" */;
			compatibilityVersion = "Xcode 13.0";
			developmentRegion = en;
			hasScannedForEncodings = 0;
			knownRegions = (
				en,
				Base,
			);
			mainGroup = 63209FDB2913C3BF00709227;
			packageReferences = (
				63B1FAE22914A6D8007E94B6 /* XCRemoteSwiftPackageReference "lottie-ios" */,
				63B1FAE52914A6FE007E94B6 /* XCRemoteSwiftPackageReference "Alamofire" */,
				63B1FAE82914A718007E94B6 /* XCRemoteSwiftPackageReference "SwiftUIPager" */,
				63B1FAF02914A91F007E94B6 /* XCRemoteSwiftPackageReference "FittedSheets" */,
				63B1FAFE2914B347007E94B6 /* XCRemoteSwiftPackageReference "Kingfisher" */,
				63B1FB042914B5CB007E94B6 /* XCRemoteSwiftPackageReference "swiftui-pull-to-refresh" */,
				265A0A0A2916297E00027829 /* XCRemoteSwiftPackageReference "realm-swift" */,
			);
			productRefGroup = 63209FE52913C3BF00709227 /* Products */;
			projectDirPath = "";
			projectRoot = "";
			targets = (
				63209FE32913C3BF00709227 /* Footprint */,
			);
		};
/* End PBXProject section */

/* Begin PBXResourcesBuildPhase section */
		63209FE22913C3BF00709227 /* Resources */ = {
			isa = PBXResourcesBuildPhase;
			buildActionMask = 2147483647;
			files = (
				63209FEF2913C3C000709227 /* Preview Assets.xcassets in Resources */,
				63209FEC2913C3C000709227 /* Assets.xcassets in Resources */,
				26BD8FCB29694CE5005F7E5C /* ApiInfo.plist in Resources */,
				2606B4CD29437BD10012349A /* loading.json in Resources */,
				63B1FAF82914B2B0007E94B6 /* walking_dog.json in Resources */,
			);
			runOnlyForDeploymentPostprocessing = 0;
		};
/* End PBXResourcesBuildPhase section */

/* Begin PBXShellScriptBuildPhase section */
		1438933A45BECBC4F88C1AB2 /* [CP] Embed Pods Frameworks */ = {
			isa = PBXShellScriptBuildPhase;
			buildActionMask = 2147483647;
			files = (
			);
			inputFileListPaths = (
				"${PODS_ROOT}/Target Support Files/Pods-Footprint/Pods-Footprint-frameworks-${CONFIGURATION}-input-files.xcfilelist",
			);
			name = "[CP] Embed Pods Frameworks";
			outputFileListPaths = (
				"${PODS_ROOT}/Target Support Files/Pods-Footprint/Pods-Footprint-frameworks-${CONFIGURATION}-output-files.xcfilelist",
			);
			runOnlyForDeploymentPostprocessing = 0;
			shellPath = /bin/sh;
			shellScript = "\"${PODS_ROOT}/Target Support Files/Pods-Footprint/Pods-Footprint-frameworks.sh\"\n";
			showEnvVarsInLog = 0;
		};
		7B65BB9D939F49EEDFC77258 /* [CP] Copy Pods Resources */ = {
			isa = PBXShellScriptBuildPhase;
			buildActionMask = 2147483647;
			files = (
			);
			inputFileListPaths = (
				"${PODS_ROOT}/Target Support Files/Pods-Footprint/Pods-Footprint-resources-${CONFIGURATION}-input-files.xcfilelist",
			);
			name = "[CP] Copy Pods Resources";
			outputFileListPaths = (
				"${PODS_ROOT}/Target Support Files/Pods-Footprint/Pods-Footprint-resources-${CONFIGURATION}-output-files.xcfilelist",
			);
			runOnlyForDeploymentPostprocessing = 0;
			shellPath = /bin/sh;
			shellScript = "\"${PODS_ROOT}/Target Support Files/Pods-Footprint/Pods-Footprint-resources.sh\"\n";
			showEnvVarsInLog = 0;
		};
		E7012FB84BBCA6F2EECF37B6 /* [CP] Check Pods Manifest.lock */ = {
			isa = PBXShellScriptBuildPhase;
			buildActionMask = 2147483647;
			files = (
			);
			inputFileListPaths = (
			);
			inputPaths = (
				"${PODS_PODFILE_DIR_PATH}/Podfile.lock",
				"${PODS_ROOT}/Manifest.lock",
			);
			name = "[CP] Check Pods Manifest.lock";
			outputFileListPaths = (
			);
			outputPaths = (
				"$(DERIVED_FILE_DIR)/Pods-Footprint-checkManifestLockResult.txt",
			);
			runOnlyForDeploymentPostprocessing = 0;
			shellPath = /bin/sh;
			shellScript = "diff \"${PODS_PODFILE_DIR_PATH}/Podfile.lock\" \"${PODS_ROOT}/Manifest.lock\" > /dev/null\nif [ $? != 0 ] ; then\n    # print error to STDERR\n    echo \"error: The sandbox is not in sync with the Podfile.lock. Run 'pod install' or update your CocoaPods installation.\" >&2\n    exit 1\nfi\n# This output is used by Xcode 'outputs' to avoid re-running this script phase.\necho \"SUCCESS\" > \"${SCRIPT_OUTPUT_FILE_0}\"\n";
			showEnvVarsInLog = 0;
		};
/* End PBXShellScriptBuildPhase section */

/* Begin PBXSourcesBuildPhase section */
		63209FE02913C3BF00709227 /* Sources */ = {
			isa = PBXSourcesBuildPhase;
			buildActionMask = 2147483647;
			files = (
				63B1FAFD2914B324007E94B6 /* MultiSelectGalleryViewModel.swift in Sources */,
				265EA941291D112B00068A5C /* MapView.swift in Sources */,
				264EEF592925128A00B89624 /* AddCategoryViewModel.swift in Sources */,
				63E2756929502DFA00E4AABC /* PinchZoom.swift in Sources */,
				63E848A3295ABE7E0037D7A3 /* CreateTravelViewModel.swift in Sources */,
				63F1328E2914A1C000B3A9E0 /* SplashViewModel.swift in Sources */,
				63C81AB72963BD430001A70B /* SelectFootprintsViewModel.swift in Sources */,
				2691D9C5294EE4B6002825B9 /* FootprintListFilterViewModel.swift in Sources */,
				631D7528296661FA00464F33 /* MainMapOptionView.swift in Sources */,
				265924C929445BE1001E7025 /* FootprintListViewModel.swift in Sources */,
				264B70BC291F8DD900CDAF9F /* ApiResponse.swift in Sources */,
				63F1328F2914A1C000B3A9E0 /* SplashView.swift in Sources */,
				63F132AF2914A1C000B3A9E0 /* BluePrintViewModel.swift in Sources */,
				63F132AE2914A1C000B3A9E0 /* BluePrintView.swift in Sources */,
				63F132962914A1C000B3A9E0 /* MultilineTextView.swift in Sources */,
				63B1FAF52914B148007E94B6 /* SProgress.swift in Sources */,
				63FA2389294C35E300D31506 /* PeopleEditViewModel.swift in Sources */,
				63F132552914A19F00B3A9E0 /* AppDelegate.swift in Sources */,
				63E848A1295ABE790037D7A3 /* CreateTravelView.swift in Sources */,
				63B1FAFB2914B31E007E94B6 /* MultiSelectGalleryView.swift in Sources */,
				63B1FAEF2914A861007E94B6 /* AddFootprintViewModel.swift in Sources */,
				26C04F6D2917667F00890A76 /* SwiftUIExtension.swift in Sources */,
				631D75242966619B00464F33 /* SToggleView.swift in Sources */,
				26332176292095E90065AE3A /* ShowFootPrintView.swift in Sources */,
				63F132972914A1C000B3A9E0 /* EmailSender.swift in Sources */,
				63F132472914A18800B3A9E0 /* AlertViewModel.swift in Sources */,
				265924C729445BD9001E7025 /* FootprintListView.swift in Sources */,
				262D2A06293E310E005984DA /* MailView.swift in Sources */,
				63FA238E294C42C900D31506 /* SingleSelectGalleryView.swift in Sources */,
				63B1FB032914B381007E94B6 /* RealmDB.swift in Sources */,
				63F132AA2914A1C000B3A9E0 /* MainViewModel.swift in Sources */,
				26940CAD293C9D0F0091E996 /* ShowImageView.swift in Sources */,
				264EEF572925128300B89624 /* AddCategoryView.swift in Sources */,
				262D2A02293E2BA4005984DA /* SettingView.swift in Sources */,
				63F1325A2914A1A300B3A9E0 /* AppCoordinator.swift in Sources */,
				26940CAF293C9D170091E996 /* ShowImageViewModel.swift in Sources */,
				265EA945291D134200068A5C /* MapViewModel.swift in Sources */,
				263A97BB2945852E008A69F5 /* PeopleWithSelectorView.swift in Sources */,
				262D2A04293E2BAA005984DA /* SettingViewModel.swift in Sources */,
				63E848A9295ABEC20037D7A3 /* TravelListViewModel.swift in Sources */,
				63F132512914A18F00B3A9E0 /* BaseViewModel.swift in Sources */,
				63C8CCF62941D60400BB861D /* DevInfoView.swift in Sources */,
				2619FE8C2940D6B300D24778 /* CheckPermissionViewModel.swift in Sources */,
				63F1324B2914A18800B3A9E0 /* Defaults.swift in Sources */,
				264B70C0291F8E9D00CDAF9F /* C.swift in Sources */,
				63F132982914A1C000B3A9E0 /* ProgressView.swift in Sources */,
				631D752F29667A4D00464F33 /* PeopleWithListViewModel.swift in Sources */,
				631D752D29667A4700464F33 /* PeopleWithListView.swift in Sources */,
				631D752A296661FE00464F33 /* MainMapOptionViewModel.swift in Sources */,
				2691D9C7294EE505002825B9 /* BluePrintBottomSheetView.swift in Sources */,
				263A97BD29458533008A69F5 /* PeopleWithSelectorViewModel.swift in Sources */,
				26332178292095F10065AE3A /* ShowFootPrintViewModel.swift in Sources */,
				63F1324A2914A18800B3A9E0 /* Util.swift in Sources */,
				63F1325B2914A1A300B3A9E0 /* Coordinator.swift in Sources */,
				63F132482914A18800B3A9E0 /* AlertView.swift in Sources */,
				2639921F291FEBA60049F047 /* KeyboardReadable.swift in Sources */,
				63F132AB2914A1C000B3A9E0 /* MainView.swift in Sources */,
				63F132502914A18F00B3A9E0 /* BaseViewController.swift in Sources */,
				63F132492914A18800B3A9E0 /* SwiftExtension.swift in Sources */,
				2619FE8A2940D6AC00D24778 /* CheckPermissionView.swift in Sources */,
				63E848A7295ABEBD0037D7A3 /* TravelListView.swift in Sources */,
				63F1324C2914A18800B3A9E0 /* Api.swift in Sources */,
				63F1329A2914A1C000B3A9E0 /* WebView.swift in Sources */,
				2691D9C3294EE4B1002825B9 /* FootprintListFilterView.swift in Sources */,
				63C8CCF82941D60D00BB861D /* DevInfoViewModel.swift in Sources */,
				63C81AB52963BD3D0001A70B /* SelectFootprintsView.swift in Sources */,
				63F132562914A19F00B3A9E0 /* SceneDelegate.swift in Sources */,
				63C81AB92963D6EF0001A70B /* DragAndDropService.swift in Sources */,
				63B1FAED2914A85B007E94B6 /* AddFootprintView.swift in Sources */,
				265EA947291D1E1400068A5C /* DataModel.swift in Sources */,
				63FA2387294C35CB00D31506 /* PeopleEditView.swift in Sources */,
				63C102B8296530680099AF6A /* GoogleMapView.swift in Sources */,
				63F132992914A1C000B3A9E0 /* Topbar.swift in Sources */,
				63F132B62914A56300B3A9E0 /* LottieView.swift in Sources */,
				63FA2390294C42CE00D31506 /* SingleSelectGalleryViewModel.swift in Sources */,
				63C102B329651E690099AF6A /* Footprint++Bundle.swift in Sources */,
			);
			runOnlyForDeploymentPostprocessing = 0;
		};
/* End PBXSourcesBuildPhase section */

/* Begin XCBuildConfiguration section */
		63209FF02913C3C000709227 /* Debug */ = {
			isa = XCBuildConfiguration;
			buildSettings = {
				ALWAYS_SEARCH_USER_PATHS = NO;
				CLANG_ANALYZER_NONNULL = YES;
				CLANG_ANALYZER_NUMBER_OBJECT_CONVERSION = YES_AGGRESSIVE;
				CLANG_CXX_LANGUAGE_STANDARD = "gnu++17";
				CLANG_ENABLE_MODULES = YES;
				CLANG_ENABLE_OBJC_ARC = YES;
				CLANG_ENABLE_OBJC_WEAK = YES;
				CLANG_WARN_BLOCK_CAPTURE_AUTORELEASING = YES;
				CLANG_WARN_BOOL_CONVERSION = YES;
				CLANG_WARN_COMMA = YES;
				CLANG_WARN_CONSTANT_CONVERSION = YES;
				CLANG_WARN_DEPRECATED_OBJC_IMPLEMENTATIONS = YES;
				CLANG_WARN_DIRECT_OBJC_ISA_USAGE = YES_ERROR;
				CLANG_WARN_DOCUMENTATION_COMMENTS = YES;
				CLANG_WARN_EMPTY_BODY = YES;
				CLANG_WARN_ENUM_CONVERSION = YES;
				CLANG_WARN_INFINITE_RECURSION = YES;
				CLANG_WARN_INT_CONVERSION = YES;
				CLANG_WARN_NON_LITERAL_NULL_CONVERSION = YES;
				CLANG_WARN_OBJC_IMPLICIT_RETAIN_SELF = YES;
				CLANG_WARN_OBJC_LITERAL_CONVERSION = YES;
				CLANG_WARN_OBJC_ROOT_CLASS = YES_ERROR;
				CLANG_WARN_QUOTED_INCLUDE_IN_FRAMEWORK_HEADER = YES;
				CLANG_WARN_RANGE_LOOP_ANALYSIS = YES;
				CLANG_WARN_STRICT_PROTOTYPES = YES;
				CLANG_WARN_SUSPICIOUS_MOVE = YES;
				CLANG_WARN_UNGUARDED_AVAILABILITY = YES_AGGRESSIVE;
				CLANG_WARN_UNREACHABLE_CODE = YES;
				CLANG_WARN__DUPLICATE_METHOD_MATCH = YES;
				COPY_PHASE_STRIP = NO;
				DEBUG_INFORMATION_FORMAT = dwarf;
				ENABLE_STRICT_OBJC_MSGSEND = YES;
				ENABLE_TESTABILITY = YES;
				GCC_C_LANGUAGE_STANDARD = gnu11;
				GCC_DYNAMIC_NO_PIC = NO;
				GCC_NO_COMMON_BLOCKS = YES;
				GCC_OPTIMIZATION_LEVEL = 0;
				GCC_PREPROCESSOR_DEFINITIONS = (
					"DEBUG=1",
					"$(inherited)",
				);
				GCC_WARN_64_TO_32_BIT_CONVERSION = YES;
				GCC_WARN_ABOUT_RETURN_TYPE = YES_ERROR;
				GCC_WARN_UNDECLARED_SELECTOR = YES;
				GCC_WARN_UNINITIALIZED_AUTOS = YES_AGGRESSIVE;
				GCC_WARN_UNUSED_FUNCTION = YES;
				GCC_WARN_UNUSED_VARIABLE = YES;
				IPHONEOS_DEPLOYMENT_TARGET = 14;
				MTL_ENABLE_DEBUG_INFO = INCLUDE_SOURCE;
				MTL_FAST_MATH = YES;
				ONLY_ACTIVE_ARCH = YES;
				SDKROOT = iphoneos;
				SWIFT_ACTIVE_COMPILATION_CONDITIONS = DEBUG;
				SWIFT_OPTIMIZATION_LEVEL = "-Onone";
			};
			name = Debug;
		};
		63209FF12913C3C000709227 /* Release */ = {
			isa = XCBuildConfiguration;
			buildSettings = {
				ALWAYS_SEARCH_USER_PATHS = NO;
				CLANG_ANALYZER_NONNULL = YES;
				CLANG_ANALYZER_NUMBER_OBJECT_CONVERSION = YES_AGGRESSIVE;
				CLANG_CXX_LANGUAGE_STANDARD = "gnu++17";
				CLANG_ENABLE_MODULES = YES;
				CLANG_ENABLE_OBJC_ARC = YES;
				CLANG_ENABLE_OBJC_WEAK = YES;
				CLANG_WARN_BLOCK_CAPTURE_AUTORELEASING = YES;
				CLANG_WARN_BOOL_CONVERSION = YES;
				CLANG_WARN_COMMA = YES;
				CLANG_WARN_CONSTANT_CONVERSION = YES;
				CLANG_WARN_DEPRECATED_OBJC_IMPLEMENTATIONS = YES;
				CLANG_WARN_DIRECT_OBJC_ISA_USAGE = YES_ERROR;
				CLANG_WARN_DOCUMENTATION_COMMENTS = YES;
				CLANG_WARN_EMPTY_BODY = YES;
				CLANG_WARN_ENUM_CONVERSION = YES;
				CLANG_WARN_INFINITE_RECURSION = YES;
				CLANG_WARN_INT_CONVERSION = YES;
				CLANG_WARN_NON_LITERAL_NULL_CONVERSION = YES;
				CLANG_WARN_OBJC_IMPLICIT_RETAIN_SELF = YES;
				CLANG_WARN_OBJC_LITERAL_CONVERSION = YES;
				CLANG_WARN_OBJC_ROOT_CLASS = YES_ERROR;
				CLANG_WARN_QUOTED_INCLUDE_IN_FRAMEWORK_HEADER = YES;
				CLANG_WARN_RANGE_LOOP_ANALYSIS = YES;
				CLANG_WARN_STRICT_PROTOTYPES = YES;
				CLANG_WARN_SUSPICIOUS_MOVE = YES;
				CLANG_WARN_UNGUARDED_AVAILABILITY = YES_AGGRESSIVE;
				CLANG_WARN_UNREACHABLE_CODE = YES;
				CLANG_WARN__DUPLICATE_METHOD_MATCH = YES;
				COPY_PHASE_STRIP = NO;
				DEBUG_INFORMATION_FORMAT = "dwarf-with-dsym";
				ENABLE_NS_ASSERTIONS = NO;
				ENABLE_STRICT_OBJC_MSGSEND = YES;
				GCC_C_LANGUAGE_STANDARD = gnu11;
				GCC_NO_COMMON_BLOCKS = YES;
				GCC_WARN_64_TO_32_BIT_CONVERSION = YES;
				GCC_WARN_ABOUT_RETURN_TYPE = YES_ERROR;
				GCC_WARN_UNDECLARED_SELECTOR = YES;
				GCC_WARN_UNINITIALIZED_AUTOS = YES_AGGRESSIVE;
				GCC_WARN_UNUSED_FUNCTION = YES;
				GCC_WARN_UNUSED_VARIABLE = YES;
				IPHONEOS_DEPLOYMENT_TARGET = 14;
				MTL_ENABLE_DEBUG_INFO = NO;
				MTL_FAST_MATH = YES;
				SDKROOT = iphoneos;
				SWIFT_COMPILATION_MODE = wholemodule;
				SWIFT_OPTIMIZATION_LEVEL = "-O";
				VALIDATE_PRODUCT = YES;
			};
			name = Release;
		};
		63209FF32913C3C000709227 /* Debug */ = {
			isa = XCBuildConfiguration;
			baseConfigurationReference = 0B7C258CB37306DD73C5B052 /* Pods-Footprint.debug.xcconfig */;
			buildSettings = {
				ASSETCATALOG_COMPILER_APPICON_NAME = AppIcon;
				ASSETCATALOG_COMPILER_GLOBAL_ACCENT_COLOR_NAME = AccentColor;
				CODE_SIGN_STYLE = Automatic;
				CURRENT_PROJECT_VERSION = 1;
				DEVELOPMENT_ASSET_PATHS = "\"Footprint/Preview Content\"";
				DEVELOPMENT_TEAM = 5F78R7RAY4;
				ENABLE_PREVIEWS = YES;
				GENERATE_INFOPLIST_FILE = YES;
				INFOPLIST_FILE = Footprint/Info.plist;
				INFOPLIST_KEY_UIApplicationSupportsIndirectInputEvents = YES;
				INFOPLIST_KEY_UILaunchScreen_Generation = YES;
				INFOPLIST_KEY_UISupportedInterfaceOrientations = UIInterfaceOrientationPortrait;
				INFOPLIST_KEY_UISupportedInterfaceOrientations_iPad = "UIInterfaceOrientationPortrait UIInterfaceOrientationPortraitUpsideDown UIInterfaceOrientationLandscapeLeft UIInterfaceOrientationLandscapeRight";
				INFOPLIST_KEY_UISupportedInterfaceOrientations_iPhone = "UIInterfaceOrientationPortrait UIInterfaceOrientationLandscapeLeft UIInterfaceOrientationLandscapeRight";
				LD_RUNPATH_SEARCH_PATHS = (
					"$(inherited)",
					"@executable_path/Frameworks",
				);
				MARKETING_VERSION = 1.0;
				PRODUCT_BUNDLE_IDENTIFIER = com.sandy.Footprint;
				PRODUCT_NAME = "$(TARGET_NAME)";
				SWIFT_EMIT_LOC_STRINGS = YES;
				SWIFT_VERSION = 5.0;
				TARGETED_DEVICE_FAMILY = "1,2";
			};
			name = Debug;
		};
		63209FF42913C3C000709227 /* Release */ = {
			isa = XCBuildConfiguration;
			baseConfigurationReference = ABE65B1C5B31A01C8E2F03B9 /* Pods-Footprint.release.xcconfig */;
			buildSettings = {
				ASSETCATALOG_COMPILER_APPICON_NAME = AppIcon;
				ASSETCATALOG_COMPILER_GLOBAL_ACCENT_COLOR_NAME = AccentColor;
				CODE_SIGN_STYLE = Automatic;
				CURRENT_PROJECT_VERSION = 1;
				DEVELOPMENT_ASSET_PATHS = "\"Footprint/Preview Content\"";
				DEVELOPMENT_TEAM = 5F78R7RAY4;
				ENABLE_PREVIEWS = YES;
				GENERATE_INFOPLIST_FILE = YES;
				INFOPLIST_FILE = Footprint/Info.plist;
				INFOPLIST_KEY_UIApplicationSupportsIndirectInputEvents = YES;
				INFOPLIST_KEY_UILaunchScreen_Generation = YES;
				INFOPLIST_KEY_UISupportedInterfaceOrientations = UIInterfaceOrientationPortrait;
				INFOPLIST_KEY_UISupportedInterfaceOrientations_iPad = "UIInterfaceOrientationPortrait UIInterfaceOrientationPortraitUpsideDown UIInterfaceOrientationLandscapeLeft UIInterfaceOrientationLandscapeRight";
				INFOPLIST_KEY_UISupportedInterfaceOrientations_iPhone = "UIInterfaceOrientationPortrait UIInterfaceOrientationLandscapeLeft UIInterfaceOrientationLandscapeRight";
				LD_RUNPATH_SEARCH_PATHS = (
					"$(inherited)",
					"@executable_path/Frameworks",
				);
				MARKETING_VERSION = 1.0;
				PRODUCT_BUNDLE_IDENTIFIER = com.sandy.Footprint;
				PRODUCT_NAME = "$(TARGET_NAME)";
				SWIFT_EMIT_LOC_STRINGS = YES;
				SWIFT_VERSION = 5.0;
				TARGETED_DEVICE_FAMILY = "1,2";
			};
			name = Release;
		};
/* End XCBuildConfiguration section */

/* Begin XCConfigurationList section */
		63209FDF2913C3BF00709227 /* Build configuration list for PBXProject "Footprint" */ = {
			isa = XCConfigurationList;
			buildConfigurations = (
				63209FF02913C3C000709227 /* Debug */,
				63209FF12913C3C000709227 /* Release */,
			);
			defaultConfigurationIsVisible = 0;
			defaultConfigurationName = Release;
		};
		63209FF22913C3C000709227 /* Build configuration list for PBXNativeTarget "Footprint" */ = {
			isa = XCConfigurationList;
			buildConfigurations = (
				63209FF32913C3C000709227 /* Debug */,
				63209FF42913C3C000709227 /* Release */,
			);
			defaultConfigurationIsVisible = 0;
			defaultConfigurationName = Release;
		};
/* End XCConfigurationList section */

/* Begin XCRemoteSwiftPackageReference section */
		265A0A0A2916297E00027829 /* XCRemoteSwiftPackageReference "realm-swift" */ = {
			isa = XCRemoteSwiftPackageReference;
			repositoryURL = "https://github.com/realm/realm-swift.git";
			requirement = {
				branch = master;
				kind = branch;
			};
		};
		63B1FAE22914A6D8007E94B6 /* XCRemoteSwiftPackageReference "lottie-ios" */ = {
			isa = XCRemoteSwiftPackageReference;
			repositoryURL = "https://github.com/airbnb/lottie-ios.git";
			requirement = {
				kind = upToNextMajorVersion;
				minimumVersion = 3.0.0;
			};
		};
		63B1FAE52914A6FE007E94B6 /* XCRemoteSwiftPackageReference "Alamofire" */ = {
			isa = XCRemoteSwiftPackageReference;
			repositoryURL = "https://github.com/Alamofire/Alamofire.git";
			requirement = {
				branch = master;
				kind = branch;
			};
		};
		63B1FAE82914A718007E94B6 /* XCRemoteSwiftPackageReference "SwiftUIPager" */ = {
			isa = XCRemoteSwiftPackageReference;
			repositoryURL = "https://github.com/fermoya/SwiftUIPager.git";
			requirement = {
				branch = main;
				kind = branch;
			};
		};
		63B1FAF02914A91F007E94B6 /* XCRemoteSwiftPackageReference "FittedSheets" */ = {
			isa = XCRemoteSwiftPackageReference;
			repositoryURL = "https://github.com/gordontucker/FittedSheets.git";
			requirement = {
				branch = main;
				kind = branch;
			};
		};
		63B1FAFE2914B347007E94B6 /* XCRemoteSwiftPackageReference "Kingfisher" */ = {
			isa = XCRemoteSwiftPackageReference;
			repositoryURL = "https://github.com/onevcat/Kingfisher";
			requirement = {
				branch = master;
				kind = branch;
			};
		};
		63B1FB042914B5CB007E94B6 /* XCRemoteSwiftPackageReference "swiftui-pull-to-refresh" */ = {
			isa = XCRemoteSwiftPackageReference;
			repositoryURL = "https://github.com/globulus/swiftui-pull-to-refresh.git";
			requirement = {
				branch = main;
				kind = branch;
			};
		};
/* End XCRemoteSwiftPackageReference section */

/* Begin XCSwiftPackageProductDependency section */
		265A0A0B2916297E00027829 /* Realm */ = {
			isa = XCSwiftPackageProductDependency;
			package = 265A0A0A2916297E00027829 /* XCRemoteSwiftPackageReference "realm-swift" */;
			productName = Realm;
		};
		265A0A0D2916297E00027829 /* RealmSwift */ = {
			isa = XCSwiftPackageProductDependency;
			package = 265A0A0A2916297E00027829 /* XCRemoteSwiftPackageReference "realm-swift" */;
			productName = RealmSwift;
		};
		63B1FAE32914A6D8007E94B6 /* Lottie */ = {
			isa = XCSwiftPackageProductDependency;
			package = 63B1FAE22914A6D8007E94B6 /* XCRemoteSwiftPackageReference "lottie-ios" */;
			productName = Lottie;
		};
		63B1FAE62914A6FE007E94B6 /* Alamofire */ = {
			isa = XCSwiftPackageProductDependency;
			package = 63B1FAE52914A6FE007E94B6 /* XCRemoteSwiftPackageReference "Alamofire" */;
			productName = Alamofire;
		};
		63B1FAE92914A718007E94B6 /* SwiftUIPager */ = {
			isa = XCSwiftPackageProductDependency;
			package = 63B1FAE82914A718007E94B6 /* XCRemoteSwiftPackageReference "SwiftUIPager" */;
			productName = SwiftUIPager;
		};
		63B1FAF12914A91F007E94B6 /* FittedSheets */ = {
			isa = XCSwiftPackageProductDependency;
			package = 63B1FAF02914A91F007E94B6 /* XCRemoteSwiftPackageReference "FittedSheets" */;
			productName = FittedSheets;
		};
		63B1FAFF2914B347007E94B6 /* Kingfisher */ = {
			isa = XCSwiftPackageProductDependency;
			package = 63B1FAFE2914B347007E94B6 /* XCRemoteSwiftPackageReference "Kingfisher" */;
			productName = Kingfisher;
		};
		63B1FB052914B5CB007E94B6 /* SwiftUIPullToRefresh */ = {
			isa = XCSwiftPackageProductDependency;
			package = 63B1FB042914B5CB007E94B6 /* XCRemoteSwiftPackageReference "swiftui-pull-to-refresh" */;
			productName = SwiftUIPullToRefresh;
		};
/* End XCSwiftPackageProductDependency section */
	};
	rootObject = 63209FDC2913C3BF00709227 /* Project object */;
}
