// !$*UTF8*$!
{
	archiveVersion = 1;
	classes = {
	};
	objectVersion = 55;
	objects = {

/* Begin PBXBuildFile section */
		63209FEC2913C3C000709227 /* Assets.xcassets in Resources */ = {isa = PBXBuildFile; fileRef = 63209FEB2913C3C000709227 /* Assets.xcassets */; };
		63209FEF2913C3C000709227 /* Preview Assets.xcassets in Resources */ = {isa = PBXBuildFile; fileRef = 63209FEE2913C3C000709227 /* Preview Assets.xcassets */; };
		63B1FAE42914A6D8007E94B6 /* Lottie in Frameworks */ = {isa = PBXBuildFile; productRef = 63B1FAE32914A6D8007E94B6 /* Lottie */; };
		63B1FAE72914A6FE007E94B6 /* Alamofire in Frameworks */ = {isa = PBXBuildFile; productRef = 63B1FAE62914A6FE007E94B6 /* Alamofire */; };
		63B1FAEA2914A718007E94B6 /* SwiftUIPager in Frameworks */ = {isa = PBXBuildFile; productRef = 63B1FAE92914A718007E94B6 /* SwiftUIPager */; };
		63F132472914A18800B3A9E0 /* AlertViewModel.swift in Sources */ = {isa = PBXBuildFile; fileRef = 63F132412914A18800B3A9E0 /* AlertViewModel.swift */; };
		63F132482914A18800B3A9E0 /* AlertView.swift in Sources */ = {isa = PBXBuildFile; fileRef = 63F132422914A18800B3A9E0 /* AlertView.swift */; };
		63F132492914A18800B3A9E0 /* SwiftExtension.swift in Sources */ = {isa = PBXBuildFile; fileRef = 63F132432914A18800B3A9E0 /* SwiftExtension.swift */; };
		63F1324A2914A18800B3A9E0 /* Util.swift in Sources */ = {isa = PBXBuildFile; fileRef = 63F132442914A18800B3A9E0 /* Util.swift */; };
		63F1324B2914A18800B3A9E0 /* Defaults.swift in Sources */ = {isa = PBXBuildFile; fileRef = 63F132452914A18800B3A9E0 /* Defaults.swift */; };
		63F1324C2914A18800B3A9E0 /* Api.swift in Sources */ = {isa = PBXBuildFile; fileRef = 63F132462914A18800B3A9E0 /* Api.swift */; };
		63F132502914A18F00B3A9E0 /* BaseViewController.swift in Sources */ = {isa = PBXBuildFile; fileRef = 63F1324E2914A18F00B3A9E0 /* BaseViewController.swift */; };
		63F132512914A18F00B3A9E0 /* BaseViewModel.swift in Sources */ = {isa = PBXBuildFile; fileRef = 63F1324F2914A18F00B3A9E0 /* BaseViewModel.swift */; };
		63F132552914A19F00B3A9E0 /* AppDelegate.swift in Sources */ = {isa = PBXBuildFile; fileRef = 63F132532914A19F00B3A9E0 /* AppDelegate.swift */; };
		63F132562914A19F00B3A9E0 /* SceneDelegate.swift in Sources */ = {isa = PBXBuildFile; fileRef = 63F132542914A19F00B3A9E0 /* SceneDelegate.swift */; };
		63F1325A2914A1A300B3A9E0 /* AppCoordinator.swift in Sources */ = {isa = PBXBuildFile; fileRef = 63F132582914A1A300B3A9E0 /* AppCoordinator.swift */; };
		63F1325B2914A1A300B3A9E0 /* Coordinator.swift in Sources */ = {isa = PBXBuildFile; fileRef = 63F132592914A1A300B3A9E0 /* Coordinator.swift */; };
		63F1328E2914A1C000B3A9E0 /* SplashViewModel.swift in Sources */ = {isa = PBXBuildFile; fileRef = 63F1325E2914A1C000B3A9E0 /* SplashViewModel.swift */; };
		63F1328F2914A1C000B3A9E0 /* SplashView.swift in Sources */ = {isa = PBXBuildFile; fileRef = 63F1325F2914A1C000B3A9E0 /* SplashView.swift */; };
		63F132962914A1C000B3A9E0 /* MultilineTextView.swift in Sources */ = {isa = PBXBuildFile; fileRef = 63F1326A2914A1C000B3A9E0 /* MultilineTextView.swift */; };
		63F132972914A1C000B3A9E0 /* EmailSender.swift in Sources */ = {isa = PBXBuildFile; fileRef = 63F1326B2914A1C000B3A9E0 /* EmailSender.swift */; };
		63F132982914A1C000B3A9E0 /* ProgressView.swift in Sources */ = {isa = PBXBuildFile; fileRef = 63F1326C2914A1C000B3A9E0 /* ProgressView.swift */; };
		63F132992914A1C000B3A9E0 /* Topbar.swift in Sources */ = {isa = PBXBuildFile; fileRef = 63F1326D2914A1C000B3A9E0 /* Topbar.swift */; };
		63F1329A2914A1C000B3A9E0 /* WebView.swift in Sources */ = {isa = PBXBuildFile; fileRef = 63F1326E2914A1C000B3A9E0 /* WebView.swift */; };
		63F132AA2914A1C000B3A9E0 /* MainViewModel.swift in Sources */ = {isa = PBXBuildFile; fileRef = 63F132862914A1C000B3A9E0 /* MainViewModel.swift */; };
		63F132AB2914A1C000B3A9E0 /* MainView.swift in Sources */ = {isa = PBXBuildFile; fileRef = 63F132872914A1C000B3A9E0 /* MainView.swift */; };
		63F132AE2914A1C000B3A9E0 /* BluePrintView.swift in Sources */ = {isa = PBXBuildFile; fileRef = 63F1328C2914A1C000B3A9E0 /* BluePrintView.swift */; };
		63F132AF2914A1C000B3A9E0 /* BluePrintViewModel.swift in Sources */ = {isa = PBXBuildFile; fileRef = 63F1328D2914A1C000B3A9E0 /* BluePrintViewModel.swift */; };
		63F132B62914A56300B3A9E0 /* LottieView.swift in Sources */ = {isa = PBXBuildFile; fileRef = 63F132B52914A56300B3A9E0 /* LottieView.swift */; };
/* End PBXBuildFile section */

/* Begin PBXFileReference section */
		63209FE42913C3BF00709227 /* Footprint.app */ = {isa = PBXFileReference; explicitFileType = wrapper.application; includeInIndex = 0; path = Footprint.app; sourceTree = BUILT_PRODUCTS_DIR; };
		63209FEB2913C3C000709227 /* Assets.xcassets */ = {isa = PBXFileReference; lastKnownFileType = folder.assetcatalog; path = Assets.xcassets; sourceTree = "<group>"; };
		63209FEE2913C3C000709227 /* Preview Assets.xcassets */ = {isa = PBXFileReference; lastKnownFileType = folder.assetcatalog; path = "Preview Assets.xcassets"; sourceTree = "<group>"; };
		63209FF52913C67E00709227 /* Info.plist */ = {isa = PBXFileReference; lastKnownFileType = text.plist; path = Info.plist; sourceTree = "<group>"; };
		63F132412914A18800B3A9E0 /* AlertViewModel.swift */ = {isa = PBXFileReference; fileEncoding = 4; lastKnownFileType = sourcecode.swift; path = AlertViewModel.swift; sourceTree = "<group>"; };
		63F132422914A18800B3A9E0 /* AlertView.swift */ = {isa = PBXFileReference; fileEncoding = 4; lastKnownFileType = sourcecode.swift; path = AlertView.swift; sourceTree = "<group>"; };
		63F132432914A18800B3A9E0 /* SwiftExtension.swift */ = {isa = PBXFileReference; fileEncoding = 4; lastKnownFileType = sourcecode.swift; path = SwiftExtension.swift; sourceTree = "<group>"; };
		63F132442914A18800B3A9E0 /* Util.swift */ = {isa = PBXFileReference; fileEncoding = 4; lastKnownFileType = sourcecode.swift; path = Util.swift; sourceTree = "<group>"; };
		63F132452914A18800B3A9E0 /* Defaults.swift */ = {isa = PBXFileReference; fileEncoding = 4; lastKnownFileType = sourcecode.swift; path = Defaults.swift; sourceTree = "<group>"; };
		63F132462914A18800B3A9E0 /* Api.swift */ = {isa = PBXFileReference; fileEncoding = 4; lastKnownFileType = sourcecode.swift; path = Api.swift; sourceTree = "<group>"; };
		63F1324E2914A18F00B3A9E0 /* BaseViewController.swift */ = {isa = PBXFileReference; fileEncoding = 4; lastKnownFileType = sourcecode.swift; path = BaseViewController.swift; sourceTree = "<group>"; };
		63F1324F2914A18F00B3A9E0 /* BaseViewModel.swift */ = {isa = PBXFileReference; fileEncoding = 4; lastKnownFileType = sourcecode.swift; path = BaseViewModel.swift; sourceTree = "<group>"; };
		63F132532914A19F00B3A9E0 /* AppDelegate.swift */ = {isa = PBXFileReference; fileEncoding = 4; lastKnownFileType = sourcecode.swift; path = AppDelegate.swift; sourceTree = "<group>"; };
		63F132542914A19F00B3A9E0 /* SceneDelegate.swift */ = {isa = PBXFileReference; fileEncoding = 4; lastKnownFileType = sourcecode.swift; path = SceneDelegate.swift; sourceTree = "<group>"; };
		63F132582914A1A300B3A9E0 /* AppCoordinator.swift */ = {isa = PBXFileReference; fileEncoding = 4; lastKnownFileType = sourcecode.swift; path = AppCoordinator.swift; sourceTree = "<group>"; };
		63F132592914A1A300B3A9E0 /* Coordinator.swift */ = {isa = PBXFileReference; fileEncoding = 4; lastKnownFileType = sourcecode.swift; path = Coordinator.swift; sourceTree = "<group>"; };
		63F1325E2914A1C000B3A9E0 /* SplashViewModel.swift */ = {isa = PBXFileReference; fileEncoding = 4; lastKnownFileType = sourcecode.swift; path = SplashViewModel.swift; sourceTree = "<group>"; };
		63F1325F2914A1C000B3A9E0 /* SplashView.swift */ = {isa = PBXFileReference; fileEncoding = 4; lastKnownFileType = sourcecode.swift; path = SplashView.swift; sourceTree = "<group>"; };
		63F1326A2914A1C000B3A9E0 /* MultilineTextView.swift */ = {isa = PBXFileReference; fileEncoding = 4; lastKnownFileType = sourcecode.swift; path = MultilineTextView.swift; sourceTree = "<group>"; };
		63F1326B2914A1C000B3A9E0 /* EmailSender.swift */ = {isa = PBXFileReference; fileEncoding = 4; lastKnownFileType = sourcecode.swift; path = EmailSender.swift; sourceTree = "<group>"; };
		63F1326C2914A1C000B3A9E0 /* ProgressView.swift */ = {isa = PBXFileReference; fileEncoding = 4; lastKnownFileType = sourcecode.swift; path = ProgressView.swift; sourceTree = "<group>"; };
		63F1326D2914A1C000B3A9E0 /* Topbar.swift */ = {isa = PBXFileReference; fileEncoding = 4; lastKnownFileType = sourcecode.swift; path = Topbar.swift; sourceTree = "<group>"; };
		63F1326E2914A1C000B3A9E0 /* WebView.swift */ = {isa = PBXFileReference; fileEncoding = 4; lastKnownFileType = sourcecode.swift; path = WebView.swift; sourceTree = "<group>"; };
		63F132862914A1C000B3A9E0 /* MainViewModel.swift */ = {isa = PBXFileReference; fileEncoding = 4; lastKnownFileType = sourcecode.swift; path = MainViewModel.swift; sourceTree = "<group>"; };
		63F132872914A1C000B3A9E0 /* MainView.swift */ = {isa = PBXFileReference; fileEncoding = 4; lastKnownFileType = sourcecode.swift; path = MainView.swift; sourceTree = "<group>"; };
		63F1328C2914A1C000B3A9E0 /* BluePrintView.swift */ = {isa = PBXFileReference; fileEncoding = 4; lastKnownFileType = sourcecode.swift; path = BluePrintView.swift; sourceTree = "<group>"; };
		63F1328D2914A1C000B3A9E0 /* BluePrintViewModel.swift */ = {isa = PBXFileReference; fileEncoding = 4; lastKnownFileType = sourcecode.swift; path = BluePrintViewModel.swift; sourceTree = "<group>"; };
		63F132B52914A56300B3A9E0 /* LottieView.swift */ = {isa = PBXFileReference; fileEncoding = 4; lastKnownFileType = sourcecode.swift; path = LottieView.swift; sourceTree = "<group>"; };
/* End PBXFileReference section */

/* Begin PBXFrameworksBuildPhase section */
		63209FE12913C3BF00709227 /* Frameworks */ = {
			isa = PBXFrameworksBuildPhase;
			buildActionMask = 2147483647;
			files = (
				63B1FAE42914A6D8007E94B6 /* Lottie in Frameworks */,
				63B1FAE72914A6FE007E94B6 /* Alamofire in Frameworks */,
				63B1FAEA2914A718007E94B6 /* SwiftUIPager in Frameworks */,
			);
			runOnlyForDeploymentPostprocessing = 0;
		};
/* End PBXFrameworksBuildPhase section */

/* Begin PBXGroup section */
		63209FDB2913C3BF00709227 = {
			isa = PBXGroup;
			children = (
				63209FE62913C3BF00709227 /* Footprint */,
				63209FE52913C3BF00709227 /* Products */,
			);
			sourceTree = "<group>";
		};
		63209FE52913C3BF00709227 /* Products */ = {
			isa = PBXGroup;
			children = (
				63209FE42913C3BF00709227 /* Footprint.app */,
			);
			name = Products;
			sourceTree = "<group>";
		};
		63209FE62913C3BF00709227 /* Footprint */ = {
			isa = PBXGroup;
			children = (
				63F132572914A1A300B3A9E0 /* coordinator */,
				63F132522914A19F00B3A9E0 /* Delegate */,
				63F1324D2914A18F00B3A9E0 /* Base */,
				63F1325C2914A1C000B3A9E0 /* UI */,
				63F1323F2914A18800B3A9E0 /* Common */,
				63209FF52913C67E00709227 /* Info.plist */,
				63209FEB2913C3C000709227 /* Assets.xcassets */,
				63209FED2913C3C000709227 /* Preview Content */,
			);
			path = Footprint;
			sourceTree = "<group>";
		};
		63209FED2913C3C000709227 /* Preview Content */ = {
			isa = PBXGroup;
			children = (
				63209FEE2913C3C000709227 /* Preview Assets.xcassets */,
			);
			path = "Preview Content";
			sourceTree = "<group>";
		};
		63F1323F2914A18800B3A9E0 /* Common */ = {
			isa = PBXGroup;
			children = (
				63F132402914A18800B3A9E0 /* Alert */,
				63F132432914A18800B3A9E0 /* SwiftExtension.swift */,
				63F132442914A18800B3A9E0 /* Util.swift */,
				63F132452914A18800B3A9E0 /* Defaults.swift */,
				63F132462914A18800B3A9E0 /* Api.swift */,
			);
			path = Common;
			sourceTree = "<group>";
		};
		63F132402914A18800B3A9E0 /* Alert */ = {
			isa = PBXGroup;
			children = (
				63F132412914A18800B3A9E0 /* AlertViewModel.swift */,
				63F132422914A18800B3A9E0 /* AlertView.swift */,
			);
			path = Alert;
			sourceTree = "<group>";
		};
		63F1324D2914A18F00B3A9E0 /* Base */ = {
			isa = PBXGroup;
			children = (
				63F1324E2914A18F00B3A9E0 /* BaseViewController.swift */,
				63F1324F2914A18F00B3A9E0 /* BaseViewModel.swift */,
			);
			path = Base;
			sourceTree = "<group>";
		};
		63F132522914A19F00B3A9E0 /* Delegate */ = {
			isa = PBXGroup;
			children = (
				63F132532914A19F00B3A9E0 /* AppDelegate.swift */,
				63F132542914A19F00B3A9E0 /* SceneDelegate.swift */,
			);
			path = Delegate;
			sourceTree = "<group>";
		};
		63F132572914A1A300B3A9E0 /* coordinator */ = {
			isa = PBXGroup;
			children = (
				63F132582914A1A300B3A9E0 /* AppCoordinator.swift */,
				63F132592914A1A300B3A9E0 /* Coordinator.swift */,
			);
			path = coordinator;
			sourceTree = "<group>";
		};
		63F1325C2914A1C000B3A9E0 /* UI */ = {
			isa = PBXGroup;
			children = (
				63F1325D2914A1C000B3A9E0 /* Splash */,
				63F132692914A1C000B3A9E0 /* CustomView */,
				63F132852914A1C000B3A9E0 /* Main */,
				63F1328B2914A1C000B3A9E0 /* BluePrint */,
			);
			path = UI;
			sourceTree = "<group>";
		};
		63F1325D2914A1C000B3A9E0 /* Splash */ = {
			isa = PBXGroup;
			children = (
				63F1325E2914A1C000B3A9E0 /* SplashViewModel.swift */,
				63F1325F2914A1C000B3A9E0 /* SplashView.swift */,
			);
			path = Splash;
			sourceTree = "<group>";
		};
		63F132692914A1C000B3A9E0 /* CustomView */ = {
			isa = PBXGroup;
			children = (
				63F132B52914A56300B3A9E0 /* LottieView.swift */,
				63F1326A2914A1C000B3A9E0 /* MultilineTextView.swift */,
				63F1326B2914A1C000B3A9E0 /* EmailSender.swift */,
				63F1326C2914A1C000B3A9E0 /* ProgressView.swift */,
				63F1326D2914A1C000B3A9E0 /* Topbar.swift */,
				63F1326E2914A1C000B3A9E0 /* WebView.swift */,
			);
			path = CustomView;
			sourceTree = "<group>";
		};
		63F132852914A1C000B3A9E0 /* Main */ = {
			isa = PBXGroup;
			children = (
				63F132862914A1C000B3A9E0 /* MainViewModel.swift */,
				63F132872914A1C000B3A9E0 /* MainView.swift */,
			);
			path = Main;
			sourceTree = "<group>";
		};
		63F1328B2914A1C000B3A9E0 /* BluePrint */ = {
			isa = PBXGroup;
			children = (
				63F1328C2914A1C000B3A9E0 /* BluePrintView.swift */,
				63F1328D2914A1C000B3A9E0 /* BluePrintViewModel.swift */,
			);
			path = BluePrint;
			sourceTree = "<group>";
		};
/* End PBXGroup section */

/* Begin PBXNativeTarget section */
		63209FE32913C3BF00709227 /* Footprint */ = {
			isa = PBXNativeTarget;
			buildConfigurationList = 63209FF22913C3C000709227 /* Build configuration list for PBXNativeTarget "Footprint" */;
			buildPhases = (
				63209FE02913C3BF00709227 /* Sources */,
				63209FE12913C3BF00709227 /* Frameworks */,
				63209FE22913C3BF00709227 /* Resources */,
			);
			buildRules = (
			);
			dependencies = (
			);
			name = Footprint;
			packageProductDependencies = (
				63B1FAE32914A6D8007E94B6 /* Lottie */,
				63B1FAE62914A6FE007E94B6 /* Alamofire */,
				63B1FAE92914A718007E94B6 /* SwiftUIPager */,
			);
			productName = Footprint;
			productReference = 63209FE42913C3BF00709227 /* Footprint.app */;
			productType = "com.apple.product-type.application";
		};
/* End PBXNativeTarget section */

/* Begin PBXProject section */
		63209FDC2913C3BF00709227 /* Project object */ = {
			isa = PBXProject;
			attributes = {
				BuildIndependentTargetsInParallel = 1;
				LastSwiftUpdateCheck = 1340;
				LastUpgradeCheck = 1340;
				TargetAttributes = {
					63209FE32913C3BF00709227 = {
						CreatedOnToolsVersion = 13.4.1;
					};
				};
			};
			buildConfigurationList = 63209FDF2913C3BF00709227 /* Build configuration list for PBXProject "Footprint" */;
			compatibilityVersion = "Xcode 13.0";
			developmentRegion = en;
			hasScannedForEncodings = 0;
			knownRegions = (
				en,
				Base,
			);
			mainGroup = 63209FDB2913C3BF00709227;
			packageReferences = (
				63B1FAE22914A6D8007E94B6 /* XCRemoteSwiftPackageReference "lottie-ios" */,
				63B1FAE52914A6FE007E94B6 /* XCRemoteSwiftPackageReference "Alamofire" */,
				63B1FAE82914A718007E94B6 /* XCRemoteSwiftPackageReference "SwiftUIPager" */,
			);
			productRefGroup = 63209FE52913C3BF00709227 /* Products */;
			projectDirPath = "";
			projectRoot = "";
			targets = (
				63209FE32913C3BF00709227 /* Footprint */,
			);
		};
/* End PBXProject section */

/* Begin PBXResourcesBuildPhase section */
		63209FE22913C3BF00709227 /* Resources */ = {
			isa = PBXResourcesBuildPhase;
			buildActionMask = 2147483647;
			files = (
				63209FEF2913C3C000709227 /* Preview Assets.xcassets in Resources */,
				63209FEC2913C3C000709227 /* Assets.xcassets in Resources */,
			);
			runOnlyForDeploymentPostprocessing = 0;
		};
/* End PBXResourcesBuildPhase section */

/* Begin PBXSourcesBuildPhase section */
		63209FE02913C3BF00709227 /* Sources */ = {
			isa = PBXSourcesBuildPhase;
			buildActionMask = 2147483647;
			files = (
				63F1328E2914A1C000B3A9E0 /* SplashViewModel.swift in Sources */,
				63F1328F2914A1C000B3A9E0 /* SplashView.swift in Sources */,
				63F132AF2914A1C000B3A9E0 /* BluePrintViewModel.swift in Sources */,
				63F132AE2914A1C000B3A9E0 /* BluePrintView.swift in Sources */,
				63F132962914A1C000B3A9E0 /* MultilineTextView.swift in Sources */,
				63F132552914A19F00B3A9E0 /* AppDelegate.swift in Sources */,
				63F132972914A1C000B3A9E0 /* EmailSender.swift in Sources */,
				63F132472914A18800B3A9E0 /* AlertViewModel.swift in Sources */,
				63F132AA2914A1C000B3A9E0 /* MainViewModel.swift in Sources */,
				63F1325A2914A1A300B3A9E0 /* AppCoordinator.swift in Sources */,
				63F132512914A18F00B3A9E0 /* BaseViewModel.swift in Sources */,
				63F1324B2914A18800B3A9E0 /* Defaults.swift in Sources */,
				63F132982914A1C000B3A9E0 /* ProgressView.swift in Sources */,
				63F1324A2914A18800B3A9E0 /* Util.swift in Sources */,
				63F1325B2914A1A300B3A9E0 /* Coordinator.swift in Sources */,
				63F132482914A18800B3A9E0 /* AlertView.swift in Sources */,
				63F132AB2914A1C000B3A9E0 /* MainView.swift in Sources */,
				63F132502914A18F00B3A9E0 /* BaseViewController.swift in Sources */,
				63F132492914A18800B3A9E0 /* SwiftExtension.swift in Sources */,
				63F1324C2914A18800B3A9E0 /* Api.swift in Sources */,
				63F1329A2914A1C000B3A9E0 /* WebView.swift in Sources */,
				63F132562914A19F00B3A9E0 /* SceneDelegate.swift in Sources */,
				63F132992914A1C000B3A9E0 /* Topbar.swift in Sources */,
				63F132B62914A56300B3A9E0 /* LottieView.swift in Sources */,
			);
			runOnlyForDeploymentPostprocessing = 0;
		};
/* End PBXSourcesBuildPhase section */

/* Begin XCBuildConfiguration section */
		63209FF02913C3C000709227 /* Debug */ = {
			isa = XCBuildConfiguration;
			buildSettings = {
				ALWAYS_SEARCH_USER_PATHS = NO;
				CLANG_ANALYZER_NONNULL = YES;
				CLANG_ANALYZER_NUMBER_OBJECT_CONVERSION = YES_AGGRESSIVE;
				CLANG_CXX_LANGUAGE_STANDARD = "gnu++17";
				CLANG_ENABLE_MODULES = YES;
				CLANG_ENABLE_OBJC_ARC = YES;
				CLANG_ENABLE_OBJC_WEAK = YES;
				CLANG_WARN_BLOCK_CAPTURE_AUTORELEASING = YES;
				CLANG_WARN_BOOL_CONVERSION = YES;
				CLANG_WARN_COMMA = YES;
				CLANG_WARN_CONSTANT_CONVERSION = YES;
				CLANG_WARN_DEPRECATED_OBJC_IMPLEMENTATIONS = YES;
				CLANG_WARN_DIRECT_OBJC_ISA_USAGE = YES_ERROR;
				CLANG_WARN_DOCUMENTATION_COMMENTS = YES;
				CLANG_WARN_EMPTY_BODY = YES;
				CLANG_WARN_ENUM_CONVERSION = YES;
				CLANG_WARN_INFINITE_RECURSION = YES;
				CLANG_WARN_INT_CONVERSION = YES;
				CLANG_WARN_NON_LITERAL_NULL_CONVERSION = YES;
				CLANG_WARN_OBJC_IMPLICIT_RETAIN_SELF = YES;
				CLANG_WARN_OBJC_LITERAL_CONVERSION = YES;
				CLANG_WARN_OBJC_ROOT_CLASS = YES_ERROR;
				CLANG_WARN_QUOTED_INCLUDE_IN_FRAMEWORK_HEADER = YES;
				CLANG_WARN_RANGE_LOOP_ANALYSIS = YES;
				CLANG_WARN_STRICT_PROTOTYPES = YES;
				CLANG_WARN_SUSPICIOUS_MOVE = YES;
				CLANG_WARN_UNGUARDED_AVAILABILITY = YES_AGGRESSIVE;
				CLANG_WARN_UNREACHABLE_CODE = YES;
				CLANG_WARN__DUPLICATE_METHOD_MATCH = YES;
				COPY_PHASE_STRIP = NO;
				DEBUG_INFORMATION_FORMAT = dwarf;
				ENABLE_STRICT_OBJC_MSGSEND = YES;
				ENABLE_TESTABILITY = YES;
				GCC_C_LANGUAGE_STANDARD = gnu11;
				GCC_DYNAMIC_NO_PIC = NO;
				GCC_NO_COMMON_BLOCKS = YES;
				GCC_OPTIMIZATION_LEVEL = 0;
				GCC_PREPROCESSOR_DEFINITIONS = (
					"DEBUG=1",
					"$(inherited)",
				);
				GCC_WARN_64_TO_32_BIT_CONVERSION = YES;
				GCC_WARN_ABOUT_RETURN_TYPE = YES_ERROR;
				GCC_WARN_UNDECLARED_SELECTOR = YES;
				GCC_WARN_UNINITIALIZED_AUTOS = YES_AGGRESSIVE;
				GCC_WARN_UNUSED_FUNCTION = YES;
				GCC_WARN_UNUSED_VARIABLE = YES;
				IPHONEOS_DEPLOYMENT_TARGET = 15.5;
				MTL_ENABLE_DEBUG_INFO = INCLUDE_SOURCE;
				MTL_FAST_MATH = YES;
				ONLY_ACTIVE_ARCH = YES;
				SDKROOT = iphoneos;
				SWIFT_ACTIVE_COMPILATION_CONDITIONS = DEBUG;
				SWIFT_OPTIMIZATION_LEVEL = "-Onone";
			};
			name = Debug;
		};
		63209FF12913C3C000709227 /* Release */ = {
			isa = XCBuildConfiguration;
			buildSettings = {
				ALWAYS_SEARCH_USER_PATHS = NO;
				CLANG_ANALYZER_NONNULL = YES;
				CLANG_ANALYZER_NUMBER_OBJECT_CONVERSION = YES_AGGRESSIVE;
				CLANG_CXX_LANGUAGE_STANDARD = "gnu++17";
				CLANG_ENABLE_MODULES = YES;
				CLANG_ENABLE_OBJC_ARC = YES;
				CLANG_ENABLE_OBJC_WEAK = YES;
				CLANG_WARN_BLOCK_CAPTURE_AUTORELEASING = YES;
				CLANG_WARN_BOOL_CONVERSION = YES;
				CLANG_WARN_COMMA = YES;
				CLANG_WARN_CONSTANT_CONVERSION = YES;
				CLANG_WARN_DEPRECATED_OBJC_IMPLEMENTATIONS = YES;
				CLANG_WARN_DIRECT_OBJC_ISA_USAGE = YES_ERROR;
				CLANG_WARN_DOCUMENTATION_COMMENTS = YES;
				CLANG_WARN_EMPTY_BODY = YES;
				CLANG_WARN_ENUM_CONVERSION = YES;
				CLANG_WARN_INFINITE_RECURSION = YES;
				CLANG_WARN_INT_CONVERSION = YES;
				CLANG_WARN_NON_LITERAL_NULL_CONVERSION = YES;
				CLANG_WARN_OBJC_IMPLICIT_RETAIN_SELF = YES;
				CLANG_WARN_OBJC_LITERAL_CONVERSION = YES;
				CLANG_WARN_OBJC_ROOT_CLASS = YES_ERROR;
				CLANG_WARN_QUOTED_INCLUDE_IN_FRAMEWORK_HEADER = YES;
				CLANG_WARN_RANGE_LOOP_ANALYSIS = YES;
				CLANG_WARN_STRICT_PROTOTYPES = YES;
				CLANG_WARN_SUSPICIOUS_MOVE = YES;
				CLANG_WARN_UNGUARDED_AVAILABILITY = YES_AGGRESSIVE;
				CLANG_WARN_UNREACHABLE_CODE = YES;
				CLANG_WARN__DUPLICATE_METHOD_MATCH = YES;
				COPY_PHASE_STRIP = NO;
				DEBUG_INFORMATION_FORMAT = "dwarf-with-dsym";
				ENABLE_NS_ASSERTIONS = NO;
				ENABLE_STRICT_OBJC_MSGSEND = YES;
				GCC_C_LANGUAGE_STANDARD = gnu11;
				GCC_NO_COMMON_BLOCKS = YES;
				GCC_WARN_64_TO_32_BIT_CONVERSION = YES;
				GCC_WARN_ABOUT_RETURN_TYPE = YES_ERROR;
				GCC_WARN_UNDECLARED_SELECTOR = YES;
				GCC_WARN_UNINITIALIZED_AUTOS = YES_AGGRESSIVE;
				GCC_WARN_UNUSED_FUNCTION = YES;
				GCC_WARN_UNUSED_VARIABLE = YES;
				IPHONEOS_DEPLOYMENT_TARGET = 15.5;
				MTL_ENABLE_DEBUG_INFO = NO;
				MTL_FAST_MATH = YES;
				SDKROOT = iphoneos;
				SWIFT_COMPILATION_MODE = wholemodule;
				SWIFT_OPTIMIZATION_LEVEL = "-O";
				VALIDATE_PRODUCT = YES;
			};
			name = Release;
		};
		63209FF32913C3C000709227 /* Debug */ = {
			isa = XCBuildConfiguration;
			buildSettings = {
				ASSETCATALOG_COMPILER_APPICON_NAME = AppIcon;
				ASSETCATALOG_COMPILER_GLOBAL_ACCENT_COLOR_NAME = AccentColor;
				CODE_SIGN_STYLE = Automatic;
				CURRENT_PROJECT_VERSION = 1;
				DEVELOPMENT_ASSET_PATHS = "\"Footprint/Preview Content\"";
				DEVELOPMENT_TEAM = 95KGRF7MYF;
				ENABLE_PREVIEWS = YES;
				GENERATE_INFOPLIST_FILE = YES;
				INFOPLIST_FILE = Footprint/Info.plist;
				INFOPLIST_KEY_UIApplicationSupportsIndirectInputEvents = YES;
				INFOPLIST_KEY_UILaunchScreen_Generation = YES;
				INFOPLIST_KEY_UISupportedInterfaceOrientations = UIInterfaceOrientationPortrait;
				INFOPLIST_KEY_UISupportedInterfaceOrientations_iPad = "UIInterfaceOrientationPortrait UIInterfaceOrientationPortraitUpsideDown UIInterfaceOrientationLandscapeLeft UIInterfaceOrientationLandscapeRight";
				INFOPLIST_KEY_UISupportedInterfaceOrientations_iPhone = "UIInterfaceOrientationPortrait UIInterfaceOrientationLandscapeLeft UIInterfaceOrientationLandscapeRight";
				LD_RUNPATH_SEARCH_PATHS = (
					"$(inherited)",
					"@executable_path/Frameworks",
				);
				MARKETING_VERSION = 1.0;
				PRODUCT_BUNDLE_IDENTIFIER = com.sandy.Footprint;
				PRODUCT_NAME = "$(TARGET_NAME)";
				SWIFT_EMIT_LOC_STRINGS = YES;
				SWIFT_VERSION = 5.0;
				TARGETED_DEVICE_FAMILY = "1,2";
			};
			name = Debug;
		};
		63209FF42913C3C000709227 /* Release */ = {
			isa = XCBuildConfiguration;
			buildSettings = {
				ASSETCATALOG_COMPILER_APPICON_NAME = AppIcon;
				ASSETCATALOG_COMPILER_GLOBAL_ACCENT_COLOR_NAME = AccentColor;
				CODE_SIGN_STYLE = Automatic;
				CURRENT_PROJECT_VERSION = 1;
				DEVELOPMENT_ASSET_PATHS = "\"Footprint/Preview Content\"";
				DEVELOPMENT_TEAM = 95KGRF7MYF;
				ENABLE_PREVIEWS = YES;
				GENERATE_INFOPLIST_FILE = YES;
				INFOPLIST_FILE = Footprint/Info.plist;
				INFOPLIST_KEY_UIApplicationSupportsIndirectInputEvents = YES;
				INFOPLIST_KEY_UILaunchScreen_Generation = YES;
				INFOPLIST_KEY_UISupportedInterfaceOrientations = UIInterfaceOrientationPortrait;
				INFOPLIST_KEY_UISupportedInterfaceOrientations_iPad = "UIInterfaceOrientationPortrait UIInterfaceOrientationPortraitUpsideDown UIInterfaceOrientationLandscapeLeft UIInterfaceOrientationLandscapeRight";
				INFOPLIST_KEY_UISupportedInterfaceOrientations_iPhone = "UIInterfaceOrientationPortrait UIInterfaceOrientationLandscapeLeft UIInterfaceOrientationLandscapeRight";
				LD_RUNPATH_SEARCH_PATHS = (
					"$(inherited)",
					"@executable_path/Frameworks",
				);
				MARKETING_VERSION = 1.0;
				PRODUCT_BUNDLE_IDENTIFIER = com.sandy.Footprint;
				PRODUCT_NAME = "$(TARGET_NAME)";
				SWIFT_EMIT_LOC_STRINGS = YES;
				SWIFT_VERSION = 5.0;
				TARGETED_DEVICE_FAMILY = "1,2";
			};
			name = Release;
		};
/* End XCBuildConfiguration section */

/* Begin XCConfigurationList section */
		63209FDF2913C3BF00709227 /* Build configuration list for PBXProject "Footprint" */ = {
			isa = XCConfigurationList;
			buildConfigurations = (
				63209FF02913C3C000709227 /* Debug */,
				63209FF12913C3C000709227 /* Release */,
			);
			defaultConfigurationIsVisible = 0;
			defaultConfigurationName = Release;
		};
		63209FF22913C3C000709227 /* Build configuration list for PBXNativeTarget "Footprint" */ = {
			isa = XCConfigurationList;
			buildConfigurations = (
				63209FF32913C3C000709227 /* Debug */,
				63209FF42913C3C000709227 /* Release */,
			);
			defaultConfigurationIsVisible = 0;
			defaultConfigurationName = Release;
		};
/* End XCConfigurationList section */

/* Begin XCRemoteSwiftPackageReference section */
		63B1FAE22914A6D8007E94B6 /* XCRemoteSwiftPackageReference "lottie-ios" */ = {
			isa = XCRemoteSwiftPackageReference;
			repositoryURL = "https://github.com/airbnb/lottie-ios.git";
			requirement = {
				kind = upToNextMajorVersion;
				minimumVersion = 3.0.0;
			};
		};
		63B1FAE52914A6FE007E94B6 /* XCRemoteSwiftPackageReference "Alamofire" */ = {
			isa = XCRemoteSwiftPackageReference;
			repositoryURL = "https://github.com/Alamofire/Alamofire.git";
			requirement = {
				branch = master;
				kind = branch;
			};
		};
		63B1FAE82914A718007E94B6 /* XCRemoteSwiftPackageReference "SwiftUIPager" */ = {
			isa = XCRemoteSwiftPackageReference;
			repositoryURL = "https://github.com/fermoya/SwiftUIPager.git";
			requirement = {
				branch = main;
				kind = branch;
			};
		};
/* End XCRemoteSwiftPackageReference section */

/* Begin XCSwiftPackageProductDependency section */
		63B1FAE32914A6D8007E94B6 /* Lottie */ = {
			isa = XCSwiftPackageProductDependency;
			package = 63B1FAE22914A6D8007E94B6 /* XCRemoteSwiftPackageReference "lottie-ios" */;
			productName = Lottie;
		};
		63B1FAE62914A6FE007E94B6 /* Alamofire */ = {
			isa = XCSwiftPackageProductDependency;
			package = 63B1FAE52914A6FE007E94B6 /* XCRemoteSwiftPackageReference "Alamofire" */;
			productName = Alamofire;
		};
		63B1FAE92914A718007E94B6 /* SwiftUIPager */ = {
			isa = XCSwiftPackageProductDependency;
			package = 63B1FAE82914A718007E94B6 /* XCRemoteSwiftPackageReference "SwiftUIPager" */;
			productName = SwiftUIPager;
		};
/* End XCSwiftPackageProductDependency section */
	};
	rootObject = 63209FDC2913C3BF00709227 /* Project object */;
}
