PODS:
  - Google-Mobile-Ads-SDK (11.13.0):
    - GoogleUserMessagingPlatform (>= 1.1)
  - GoogleMaps (9.3.0):
    - GoogleMaps/Maps (= 9.3.0)
  - GoogleMaps/Maps (9.3.0)
  - GooglePlaces (9.3.0)
  - GoogleUserMessagingPlatform (2.7.0)

DEPENDENCIES:
  - Google-Mobile-Ads-SDK
  - GoogleMaps
  - GooglePlaces

SPEC REPOS:
  trunk:
    - Google-Mobile-Ads-SDK
    - GoogleMaps
    - GooglePlaces
    - GoogleUserMessagingPlatform

SPEC CHECKSUMS:
  Google-Mobile-Ads-SDK: 14f57f2dc33532a24db288897e26494640810407
  GoogleMaps: b58e9627004f47043897eeae830c3ef023678f3b
  GooglePlaces: 310d8c240eb4bf7aaeecec0de71fe75d086dbf4a
  GoogleUserMessagingPlatform: a8b56893477f67212fbc8411c139e61d463349f5

PODFILE CHECKSUM: c34b613a4073552f1129496dbc37ebbaa3f74c6d

COCOAPODS: 1.12.1
